
Terraform used the selected providers to generate the following execution
plan. Resource actions are indicated with the following symbols:
  [32m+[0m create
[0m
Terraform will perform the following actions:

[1m  # aws_eip.bastion_eip[0m will be created[0m[0m
[0m  [32m+[0m[0m resource "aws_eip" "bastion_eip" {
      [32m+[0m [0m[1m[0mallocation_id[0m[0m        = (known after apply)
      [32m+[0m [0m[1m[0massociation_id[0m[0m       = (known after apply)
      [32m+[0m [0m[1m[0mcarrier_ip[0m[0m           = (known after apply)
      [32m+[0m [0m[1m[0mcustomer_owned_ip[0m[0m    = (known after apply)
      [32m+[0m [0m[1m[0mdomain[0m[0m               = (known after apply)
      [32m+[0m [0m[1m[0mid[0m[0m                   = (known after apply)
      [32m+[0m [0m[1m[0minstance[0m[0m             = (known after apply)
      [32m+[0m [0m[1m[0mnetwork_border_group[0m[0m = (known after apply)
      [32m+[0m [0m[1m[0mnetwork_interface[0m[0m    = (known after apply)
      [32m+[0m [0m[1m[0mprivate_dns[0m[0m          = (known after apply)
      [32m+[0m [0m[1m[0mprivate_ip[0m[0m           = (known after apply)
      [32m+[0m [0m[1m[0mpublic_dns[0m[0m           = (known after apply)
      [32m+[0m [0m[1m[0mpublic_ip[0m[0m            = (known after apply)
      [32m+[0m [0m[1m[0mpublic_ipv4_pool[0m[0m     = (known after apply)
      [32m+[0m [0m[1m[0mtags[0m[0m                 = {
          [32m+[0m [0m"environment" = "stag"
          [32m+[0m [0m"owners"      = "HR"
        }
      [32m+[0m [0m[1m[0mtags_all[0m[0m             = {
          [32m+[0m [0m"environment" = "stag"
          [32m+[0m [0m"owners"      = "HR"
        }
      [32m+[0m [0m[1m[0mvpc[0m[0m                  = true
    }

[1m  # aws_route53_record.app1_dns[0m will be created[0m[0m
[0m  [32m+[0m[0m resource "aws_route53_record" "app1_dns" {
      [32m+[0m [0m[1m[0mallow_overwrite[0m[0m = (known after apply)
      [32m+[0m [0m[1m[0mfqdn[0m[0m            = (known after apply)
      [32m+[0m [0m[1m[0mid[0m[0m              = (known after apply)
      [32m+[0m [0m[1m[0mname[0m[0m            = "app1.jameso.tech"
      [32m+[0m [0m[1m[0mtype[0m[0m            = "A"
      [32m+[0m [0m[1m[0mzone_id[0m[0m         = "Z073651441IJIESKK9V3"

      [32m+[0m [0malias {
          [32m+[0m [0m[1m[0mevaluate_target_health[0m[0m = true
          [32m+[0m [0m[1m[0mname[0m[0m                   = (known after apply)
          [32m+[0m [0m[1m[0mzone_id[0m[0m                = (known after apply)
        }
    }

[1m  # aws_route53_record.app2_dns[0m will be created[0m[0m
[0m  [32m+[0m[0m resource "aws_route53_record" "app2_dns" {
      [32m+[0m [0m[1m[0mallow_overwrite[0m[0m = (known after apply)
      [32m+[0m [0m[1m[0mfqdn[0m[0m            = (known after apply)
      [32m+[0m [0m[1m[0mid[0m[0m              = (known after apply)
      [32m+[0m [0m[1m[0mname[0m[0m            = "app2.jameso.tech"
      [32m+[0m [0m[1m[0mtype[0m[0m            = "A"
      [32m+[0m [0m[1m[0mzone_id[0m[0m         = "Z073651441IJIESKK9V3"

      [32m+[0m [0malias {
          [32m+[0m [0m[1m[0mevaluate_target_health[0m[0m = true
          [32m+[0m [0m[1m[0mname[0m[0m                   = (known after apply)
          [32m+[0m [0m[1m[0mzone_id[0m[0m                = (known after apply)
        }
    }

[1m  # aws_route53_record.default_dns[0m will be created[0m[0m
[0m  [32m+[0m[0m resource "aws_route53_record" "default_dns" {
      [32m+[0m [0m[1m[0mallow_overwrite[0m[0m = (known after apply)
      [32m+[0m [0m[1m[0mfqdn[0m[0m            = (known after apply)
      [32m+[0m [0m[1m[0mid[0m[0m              = (known after apply)
      [32m+[0m [0m[1m[0mname[0m[0m            = "myapps.jameso.tech"
      [32m+[0m [0m[1m[0mtype[0m[0m            = "A"
      [32m+[0m [0m[1m[0mzone_id[0m[0m         = "Z073651441IJIESKK9V3"

      [32m+[0m [0malias {
          [32m+[0m [0m[1m[0mevaluate_target_health[0m[0m = true
          [32m+[0m [0m[1m[0mname[0m[0m                   = (known after apply)
          [32m+[0m [0m[1m[0mzone_id[0m[0m                = (known after apply)
        }
    }

[1m  # null_resource.name[0m will be created[0m[0m
[0m  [32m+[0m[0m resource "null_resource" "name" {
      [32m+[0m [0m[1m[0mid[0m[0m = (known after apply)
    }

[1m  # module.acm.aws_acm_certificate.this[0][0m will be created[0m[0m
[0m  [32m+[0m[0m resource "aws_acm_certificate" "this" {
      [32m+[0m [0m[1m[0marn[0m[0m                       = (known after apply)
      [32m+[0m [0m[1m[0mdomain_name[0m[0m               = "jameso.tech"
      [32m+[0m [0m[1m[0mdomain_validation_options[0m[0m = [
          [32m+[0m [0m{
              [32m+[0m [0mdomain_name           = "*.jameso.tech"
              [32m+[0m [0mresource_record_name  = (known after apply)
              [32m+[0m [0mresource_record_type  = (known after apply)
              [32m+[0m [0mresource_record_value = (known after apply)
            },
          [32m+[0m [0m{
              [32m+[0m [0mdomain_name           = "jameso.tech"
              [32m+[0m [0mresource_record_name  = (known after apply)
              [32m+[0m [0mresource_record_type  = (known after apply)
              [32m+[0m [0mresource_record_value = (known after apply)
            },
        ]
      [32m+[0m [0m[1m[0mid[0m[0m                        = (known after apply)
      [32m+[0m [0m[1m[0mnot_after[0m[0m                 = (known after apply)
      [32m+[0m [0m[1m[0mnot_before[0m[0m                = (known after apply)
      [32m+[0m [0m[1m[0mpending_renewal[0m[0m           = (known after apply)
      [32m+[0m [0m[1m[0mrenewal_eligibility[0m[0m       = (known after apply)
      [32m+[0m [0m[1m[0mrenewal_summary[0m[0m           = (known after apply)
      [32m+[0m [0m[1m[0mstatus[0m[0m                    = (known after apply)
      [32m+[0m [0m[1m[0msubject_alternative_names[0m[0m = [
          [32m+[0m [0m"*.jameso.tech",
          [32m+[0m [0m"jameso.tech",
        ]
      [32m+[0m [0m[1m[0mtags[0m[0m                      = {
          [32m+[0m [0m"environment" = "stag"
          [32m+[0m [0m"owners"      = "HR"
        }
      [32m+[0m [0m[1m[0mtags_all[0m[0m                  = {
          [32m+[0m [0m"environment" = "stag"
          [32m+[0m [0m"owners"      = "HR"
        }
      [32m+[0m [0m[1m[0mtype[0m[0m                      = (known after apply)
      [32m+[0m [0m[1m[0mvalidation_emails[0m[0m         = (known after apply)
      [32m+[0m [0m[1m[0mvalidation_method[0m[0m         = "DNS"

      [32m+[0m [0moptions {
          [32m+[0m [0m[1m[0mcertificate_transparency_logging_preference[0m[0m = "ENABLED"
        }
    }

[1m  # module.acm.aws_acm_certificate_validation.this[0][0m will be created[0m[0m
[0m  [32m+[0m[0m resource "aws_acm_certificate_validation" "this" {
      [32m+[0m [0m[1m[0mcertificate_arn[0m[0m         = (known after apply)
      [32m+[0m [0m[1m[0mid[0m[0m                      = (known after apply)
      [32m+[0m [0m[1m[0mvalidation_record_fqdns[0m[0m = (known after apply)
    }

[1m  # module.acm.aws_route53_record.validation[0][0m will be created[0m[0m
[0m  [32m+[0m[0m resource "aws_route53_record" "validation" {
      [32m+[0m [0m[1m[0mallow_overwrite[0m[0m = true
      [32m+[0m [0m[1m[0mfqdn[0m[0m            = (known after apply)
      [32m+[0m [0m[1m[0mid[0m[0m              = (known after apply)
      [32m+[0m [0m[1m[0mname[0m[0m            = (known after apply)
      [32m+[0m [0m[1m[0mrecords[0m[0m         = (known after apply)
      [32m+[0m [0m[1m[0mttl[0m[0m             = 60
      [32m+[0m [0m[1m[0mtype[0m[0m            = (known after apply)
      [32m+[0m [0m[1m[0mzone_id[0m[0m         = "Z073651441IJIESKK9V3"
    }

[1m  # module.alb.aws_lb.this[0][0m will be created[0m[0m
[0m  [32m+[0m[0m resource "aws_lb" "this" {
      [32m+[0m [0m[1m[0marn[0m[0m                        = (known after apply)
      [32m+[0m [0m[1m[0marn_suffix[0m[0m                 = (known after apply)
      [32m+[0m [0m[1m[0mdesync_mitigation_mode[0m[0m     = "defensive"
      [32m+[0m [0m[1m[0mdns_name[0m[0m                   = (known after apply)
      [32m+[0m [0m[1m[0mdrop_invalid_header_fields[0m[0m = false
      [32m+[0m [0m[1m[0menable_deletion_protection[0m[0m = false
      [32m+[0m [0m[1m[0menable_http2[0m[0m               = true
      [32m+[0m [0m[1m[0menable_waf_fail_open[0m[0m       = false
      [32m+[0m [0m[1m[0mid[0m[0m                         = (known after apply)
      [32m+[0m [0m[1m[0midle_timeout[0m[0m               = 60
      [32m+[0m [0m[1m[0minternal[0m[0m                   = false
      [32m+[0m [0m[1m[0mip_address_type[0m[0m            = "ipv4"
      [32m+[0m [0m[1m[0mload_balancer_type[0m[0m         = "application"
      [32m+[0m [0m[1m[0mname[0m[0m                       = "HR-stag-alb"
      [32m+[0m [0m[1m[0mpreserve_host_header[0m[0m       = false
      [32m+[0m [0m[1m[0msecurity_groups[0m[0m            = (known after apply)
      [32m+[0m [0m[1m[0msubnets[0m[0m                    = (known after apply)
      [32m+[0m [0m[1m[0mtags[0m[0m                       = {
          [32m+[0m [0m"Name"        = "HR-stag-alb"
          [32m+[0m [0m"environment" = "stag"
          [32m+[0m [0m"owners"      = "HR"
        }
      [32m+[0m [0m[1m[0mtags_all[0m[0m                   = {
          [32m+[0m [0m"Name"        = "HR-stag-alb"
          [32m+[0m [0m"environment" = "stag"
          [32m+[0m [0m"owners"      = "HR"
        }
      [32m+[0m [0m[1m[0mvpc_id[0m[0m                     = (known after apply)
      [32m+[0m [0m[1m[0mzone_id[0m[0m                    = (known after apply)

      [32m+[0m [0msubnet_mapping {
          [32m+[0m [0m[1m[0mallocation_id[0m[0m        = (known after apply)
          [32m+[0m [0m[1m[0mipv6_address[0m[0m         = (known after apply)
          [32m+[0m [0m[1m[0moutpost_id[0m[0m           = (known after apply)
          [32m+[0m [0m[1m[0mprivate_ipv4_address[0m[0m = (known after apply)
          [32m+[0m [0m[1m[0msubnet_id[0m[0m            = (known after apply)
        }

      [32m+[0m [0mtimeouts {
          [32m+[0m [0m[1m[0mcreate[0m[0m = "10m"
          [32m+[0m [0m[1m[0mdelete[0m[0m = "10m"
          [32m+[0m [0m[1m[0mupdate[0m[0m = "10m"
        }
    }

[1m  # module.alb.aws_lb_listener.frontend_http_tcp[0][0m will be created[0m[0m
[0m  [32m+[0m[0m resource "aws_lb_listener" "frontend_http_tcp" {
      [32m+[0m [0m[1m[0marn[0m[0m               = (known after apply)
      [32m+[0m [0m[1m[0mid[0m[0m                = (known after apply)
      [32m+[0m [0m[1m[0mload_balancer_arn[0m[0m = (known after apply)
      [32m+[0m [0m[1m[0mport[0m[0m              = 80
      [32m+[0m [0m[1m[0mprotocol[0m[0m          = "HTTP"
      [32m+[0m [0m[1m[0mssl_policy[0m[0m        = (known after apply)
      [32m+[0m [0m[1m[0mtags_all[0m[0m          = (known after apply)

      [32m+[0m [0mdefault_action {
          [32m+[0m [0m[1m[0morder[0m[0m = (known after apply)
          [32m+[0m [0m[1m[0mtype[0m[0m  = "redirect"

          [32m+[0m [0mredirect {
              [32m+[0m [0m[1m[0mhost[0m[0m        = "#{host}"
              [32m+[0m [0m[1m[0mpath[0m[0m        = "/#{path}"
              [32m+[0m [0m[1m[0mport[0m[0m        = "443"
              [32m+[0m [0m[1m[0mprotocol[0m[0m    = "HTTPS"
              [32m+[0m [0m[1m[0mquery[0m[0m       = "#{query}"
              [32m+[0m [0m[1m[0mstatus_code[0m[0m = "HTTP_301"
            }
        }
    }

[1m  # module.alb.aws_lb_listener.frontend_https[0][0m will be created[0m[0m
[0m  [32m+[0m[0m resource "aws_lb_listener" "frontend_https" {
      [32m+[0m [0m[1m[0marn[0m[0m               = (known after apply)
      [32m+[0m [0m[1m[0mcertificate_arn[0m[0m   = (known after apply)
      [32m+[0m [0m[1m[0mid[0m[0m                = (known after apply)
      [32m+[0m [0m[1m[0mload_balancer_arn[0m[0m = (known after apply)
      [32m+[0m [0m[1m[0mport[0m[0m              = 443
      [32m+[0m [0m[1m[0mprotocol[0m[0m          = "HTTPS"
      [32m+[0m [0m[1m[0mssl_policy[0m[0m        = "ELBSecurityPolicy-2016-08"
      [32m+[0m [0m[1m[0mtags_all[0m[0m          = (known after apply)

      [32m+[0m [0mdefault_action {
          [32m+[0m [0m[1m[0morder[0m[0m = (known after apply)
          [32m+[0m [0m[1m[0mtype[0m[0m  = "fixed-response"

          [32m+[0m [0mfixed_response {
              [32m+[0m [0m[1m[0mcontent_type[0m[0m = "text/plain"
              [32m+[0m [0m[1m[0mmessage_body[0m[0m = "Fixed Static message - for Root Context"
              [32m+[0m [0m[1m[0mstatus_code[0m[0m  = "200"
            }
        }
    }

[1m  # module.alb.aws_lb_listener_rule.https_listener_rule[0][0m will be created[0m[0m
[0m  [32m+[0m[0m resource "aws_lb_listener_rule" "https_listener_rule" {
      [32m+[0m [0m[1m[0marn[0m[0m          = (known after apply)
      [32m+[0m [0m[1m[0mid[0m[0m           = (known after apply)
      [32m+[0m [0m[1m[0mlistener_arn[0m[0m = (known after apply)
      [32m+[0m [0m[1m[0mpriority[0m[0m     = (known after apply)
      [32m+[0m [0m[1m[0mtags_all[0m[0m     = (known after apply)

      [32m+[0m [0maction {
          [32m+[0m [0m[1m[0morder[0m[0m            = (known after apply)
          [32m+[0m [0m[1m[0mtarget_group_arn[0m[0m = (known after apply)
          [32m+[0m [0m[1m[0mtype[0m[0m             = "forward"
        }

      [32m+[0m [0mcondition {
          [32m+[0m [0mhost_header {
              [32m+[0m [0m[1m[0mvalues[0m[0m = [
                  [32m+[0m [0m"app1.jameso.tech",
                ]
            }
        }
    }

[1m  # module.alb.aws_lb_listener_rule.https_listener_rule[1][0m will be created[0m[0m
[0m  [32m+[0m[0m resource "aws_lb_listener_rule" "https_listener_rule" {
      [32m+[0m [0m[1m[0marn[0m[0m          = (known after apply)
      [32m+[0m [0m[1m[0mid[0m[0m           = (known after apply)
      [32m+[0m [0m[1m[0mlistener_arn[0m[0m = (known after apply)
      [32m+[0m [0m[1m[0mpriority[0m[0m     = (known after apply)
      [32m+[0m [0m[1m[0mtags_all[0m[0m     = (known after apply)

      [32m+[0m [0maction {
          [32m+[0m [0m[1m[0morder[0m[0m            = (known after apply)
          [32m+[0m [0m[1m[0mtarget_group_arn[0m[0m = (known after apply)
          [32m+[0m [0m[1m[0mtype[0m[0m             = "forward"
        }

      [32m+[0m [0mcondition {
          [32m+[0m [0mhost_header {
              [32m+[0m [0m[1m[0mvalues[0m[0m = [
                  [32m+[0m [0m"app2.jameso.tech",
                ]
            }
        }
    }

[1m  # module.alb.aws_lb_target_group.main[0][0m will be created[0m[0m
[0m  [32m+[0m[0m resource "aws_lb_target_group" "main" {
      [32m+[0m [0m[1m[0marn[0m[0m                                = (known after apply)
      [32m+[0m [0m[1m[0marn_suffix[0m[0m                         = (known after apply)
      [32m+[0m [0m[1m[0mconnection_termination[0m[0m             = false
      [32m+[0m [0m[1m[0mderegistration_delay[0m[0m               = "300"
      [32m+[0m [0m[1m[0mid[0m[0m                                 = (known after apply)
      [32m+[0m [0m[1m[0mip_address_type[0m[0m                    = (known after apply)
      [32m+[0m [0m[1m[0mlambda_multi_value_headers_enabled[0m[0m = false
      [32m+[0m [0m[1m[0mload_balancing_algorithm_type[0m[0m      = (known after apply)
      [32m+[0m [0m[1m[0mname[0m[0m                               = (known after apply)
      [32m+[0m [0m[1m[0mname_prefix[0m[0m                        = "app1-"
      [32m+[0m [0m[1m[0mport[0m[0m                               = 80
      [32m+[0m [0m[1m[0mpreserve_client_ip[0m[0m                 = (known after apply)
      [32m+[0m [0m[1m[0mprotocol[0m[0m                           = "HTTP"
      [32m+[0m [0m[1m[0mprotocol_version[0m[0m                   = "HTTP1"
      [32m+[0m [0m[1m[0mproxy_protocol_v2[0m[0m                  = false
      [32m+[0m [0m[1m[0mslow_start[0m[0m                         = 0
      [32m+[0m [0m[1m[0mtags[0m[0m                               = {
          [32m+[0m [0m"Name"        = "app1-"
          [32m+[0m [0m"environment" = "stag"
          [32m+[0m [0m"owners"      = "HR"
        }
      [32m+[0m [0m[1m[0mtags_all[0m[0m                           = {
          [32m+[0m [0m"Name"        = "app1-"
          [32m+[0m [0m"environment" = "stag"
          [32m+[0m [0m"owners"      = "HR"
        }
      [32m+[0m [0m[1m[0mtarget_type[0m[0m                        = "instance"
      [32m+[0m [0m[1m[0mvpc_id[0m[0m                             = (known after apply)

      [32m+[0m [0mhealth_check {
          [32m+[0m [0m[1m[0menabled[0m[0m             = true
          [32m+[0m [0m[1m[0mhealthy_threshold[0m[0m   = 3
          [32m+[0m [0m[1m[0minterval[0m[0m            = 30
          [32m+[0m [0m[1m[0mmatcher[0m[0m             = "200-399"
          [32m+[0m [0m[1m[0mpath[0m[0m                = "/app1/index.html"
          [32m+[0m [0m[1m[0mport[0m[0m                = "traffic-port"
          [32m+[0m [0m[1m[0mprotocol[0m[0m            = "HTTP"
          [32m+[0m [0m[1m[0mtimeout[0m[0m             = 6
          [32m+[0m [0m[1m[0munhealthy_threshold[0m[0m = 3
        }

      [32m+[0m [0mstickiness {
          [32m+[0m [0m[1m[0mcookie_duration[0m[0m = (known after apply)
          [32m+[0m [0m[1m[0mcookie_name[0m[0m     = (known after apply)
          [32m+[0m [0m[1m[0menabled[0m[0m         = (known after apply)
          [32m+[0m [0m[1m[0mtype[0m[0m            = (known after apply)
        }
    }

[1m  # module.alb.aws_lb_target_group.main[1][0m will be created[0m[0m
[0m  [32m+[0m[0m resource "aws_lb_target_group" "main" {
      [32m+[0m [0m[1m[0marn[0m[0m                                = (known after apply)
      [32m+[0m [0m[1m[0marn_suffix[0m[0m                         = (known after apply)
      [32m+[0m [0m[1m[0mconnection_termination[0m[0m             = false
      [32m+[0m [0m[1m[0mderegistration_delay[0m[0m               = "10"
      [32m+[0m [0m[1m[0mid[0m[0m                                 = (known after apply)
      [32m+[0m [0m[1m[0mip_address_type[0m[0m                    = (known after apply)
      [32m+[0m [0m[1m[0mlambda_multi_value_headers_enabled[0m[0m = false
      [32m+[0m [0m[1m[0mload_balancing_algorithm_type[0m[0m      = (known after apply)
      [32m+[0m [0m[1m[0mname[0m[0m                               = (known after apply)
      [32m+[0m [0m[1m[0mname_prefix[0m[0m                        = "app2-"
      [32m+[0m [0m[1m[0mport[0m[0m                               = 80
      [32m+[0m [0m[1m[0mpreserve_client_ip[0m[0m                 = (known after apply)
      [32m+[0m [0m[1m[0mprotocol[0m[0m                           = "HTTP"
      [32m+[0m [0m[1m[0mprotocol_version[0m[0m                   = "HTTP1"
      [32m+[0m [0m[1m[0mproxy_protocol_v2[0m[0m                  = false
      [32m+[0m [0m[1m[0mslow_start[0m[0m                         = 0
      [32m+[0m [0m[1m[0mtags[0m[0m                               = {
          [32m+[0m [0m"Name"        = "app2-"
          [32m+[0m [0m"environment" = "stag"
          [32m+[0m [0m"owners"      = "HR"
        }
      [32m+[0m [0m[1m[0mtags_all[0m[0m                           = {
          [32m+[0m [0m"Name"        = "app2-"
          [32m+[0m [0m"environment" = "stag"
          [32m+[0m [0m"owners"      = "HR"
        }
      [32m+[0m [0m[1m[0mtarget_type[0m[0m                        = "instance"
      [32m+[0m [0m[1m[0mvpc_id[0m[0m                             = (known after apply)

      [32m+[0m [0mhealth_check {
          [32m+[0m [0m[1m[0menabled[0m[0m             = true
          [32m+[0m [0m[1m[0mhealthy_threshold[0m[0m   = 3
          [32m+[0m [0m[1m[0minterval[0m[0m            = 30
          [32m+[0m [0m[1m[0mmatcher[0m[0m             = "200-399"
          [32m+[0m [0m[1m[0mpath[0m[0m                = "/app2/index.html"
          [32m+[0m [0m[1m[0mport[0m[0m                = "traffic-port"
          [32m+[0m [0m[1m[0mprotocol[0m[0m            = "HTTP"
          [32m+[0m [0m[1m[0mtimeout[0m[0m             = 6
          [32m+[0m [0m[1m[0munhealthy_threshold[0m[0m = 3
        }

      [32m+[0m [0mstickiness {
          [32m+[0m [0m[1m[0mcookie_duration[0m[0m = (known after apply)
          [32m+[0m [0m[1m[0mcookie_name[0m[0m     = (known after apply)
          [32m+[0m [0m[1m[0menabled[0m[0m         = (known after apply)
          [32m+[0m [0m[1m[0mtype[0m[0m            = (known after apply)
        }
    }

[1m  # module.alb.aws_lb_target_group_attachment.this["0.my_app1_vm1"][0m will be created[0m[0m
[0m  [32m+[0m[0m resource "aws_lb_target_group_attachment" "this" {
      [32m+[0m [0m[1m[0mid[0m[0m               = (known after apply)
      [32m+[0m [0m[1m[0mport[0m[0m             = 80
      [32m+[0m [0m[1m[0mtarget_group_arn[0m[0m = (known after apply)
      [32m+[0m [0m[1m[0mtarget_id[0m[0m        = (known after apply)
    }

[1m  # module.alb.aws_lb_target_group_attachment.this["0.my_app1_vm2"][0m will be created[0m[0m
[0m  [32m+[0m[0m resource "aws_lb_target_group_attachment" "this" {
      [32m+[0m [0m[1m[0mid[0m[0m               = (known after apply)
      [32m+[0m [0m[1m[0mport[0m[0m             = 80
      [32m+[0m [0m[1m[0mtarget_group_arn[0m[0m = (known after apply)
      [32m+[0m [0m[1m[0mtarget_id[0m[0m        = (known after apply)
    }

[1m  # module.alb.aws_lb_target_group_attachment.this["1.my_app2_vm1"][0m will be created[0m[0m
[0m  [32m+[0m[0m resource "aws_lb_target_group_attachment" "this" {
      [32m+[0m [0m[1m[0mid[0m[0m               = (known after apply)
      [32m+[0m [0m[1m[0mport[0m[0m             = 80
      [32m+[0m [0m[1m[0mtarget_group_arn[0m[0m = (known after apply)
      [32m+[0m [0m[1m[0mtarget_id[0m[0m        = (known after apply)
    }

[1m  # module.alb.aws_lb_target_group_attachment.this["1.my_app2_vm2"][0m will be created[0m[0m
[0m  [32m+[0m[0m resource "aws_lb_target_group_attachment" "this" {
      [32m+[0m [0m[1m[0mid[0m[0m               = (known after apply)
      [32m+[0m [0m[1m[0mport[0m[0m             = 80
      [32m+[0m [0m[1m[0mtarget_group_arn[0m[0m = (known after apply)
      [32m+[0m [0m[1m[0mtarget_id[0m[0m        = (known after apply)
    }

[1m  # module.ec2_private_app1.aws_instance.this[0][0m will be created[0m[0m
[0m  [32m+[0m[0m resource "aws_instance" "this" {
      [32m+[0m [0m[1m[0mami[0m[0m                                  = "ami-07693758d0ebc2111"
      [32m+[0m [0m[1m[0marn[0m[0m                                  = (known after apply)
      [32m+[0m [0m[1m[0massociate_public_ip_address[0m[0m          = (known after apply)
      [32m+[0m [0m[1m[0mavailability_zone[0m[0m                    = (known after apply)
      [32m+[0m [0m[1m[0mcpu_core_count[0m[0m                       = (known after apply)
      [32m+[0m [0m[1m[0mcpu_threads_per_core[0m[0m                 = (known after apply)
      [32m+[0m [0m[1m[0mdisable_api_stop[0m[0m                     = (known after apply)
      [32m+[0m [0m[1m[0mdisable_api_termination[0m[0m              = false
      [32m+[0m [0m[1m[0mebs_optimized[0m[0m                        = false
      [32m+[0m [0m[1m[0mget_password_data[0m[0m                    = false
      [32m+[0m [0m[1m[0mhost_id[0m[0m                              = (known after apply)
      [32m+[0m [0m[1m[0mhost_resource_group_arn[0m[0m              = (known after apply)
      [32m+[0m [0m[1m[0mid[0m[0m                                   = (known after apply)
      [32m+[0m [0m[1m[0minstance_initiated_shutdown_behavior[0m[0m = (known after apply)
      [32m+[0m [0m[1m[0minstance_state[0m[0m                       = (known after apply)
      [32m+[0m [0m[1m[0minstance_type[0m[0m                        = "t2.micro"
      [32m+[0m [0m[1m[0mipv6_address_count[0m[0m                   = (known after apply)
      [32m+[0m [0m[1m[0mipv6_addresses[0m[0m                       = (known after apply)
      [32m+[0m [0m[1m[0mkey_name[0m[0m                             = "terraform-key-us-east-2"
      [32m+[0m [0m[1m[0mmonitoring[0m[0m                           = false
      [32m+[0m [0m[1m[0moutpost_arn[0m[0m                          = (known after apply)
      [32m+[0m [0m[1m[0mpassword_data[0m[0m                        = (known after apply)
      [32m+[0m [0m[1m[0mplacement_group[0m[0m                      = (known after apply)
      [32m+[0m [0m[1m[0mplacement_partition_number[0m[0m           = (known after apply)
      [32m+[0m [0m[1m[0mprimary_network_interface_id[0m[0m         = (known after apply)
      [32m+[0m [0m[1m[0mprivate_dns[0m[0m                          = (known after apply)
      [32m+[0m [0m[1m[0mprivate_ip[0m[0m                           = (known after apply)
      [32m+[0m [0m[1m[0mpublic_dns[0m[0m                           = (known after apply)
      [32m+[0m [0m[1m[0mpublic_ip[0m[0m                            = (known after apply)
      [32m+[0m [0m[1m[0msecondary_private_ips[0m[0m                = (known after apply)
      [32m+[0m [0m[1m[0msecurity_groups[0m[0m                      = (known after apply)
      [32m+[0m [0m[1m[0msource_dest_check[0m[0m                    = true
      [32m+[0m [0m[1m[0msubnet_id[0m[0m                            = (known after apply)
      [32m+[0m [0m[1m[0mtags[0m[0m                                 = {
          [32m+[0m [0m"Name"        = "stag-app1-1"
          [32m+[0m [0m"environment" = "stag"
          [32m+[0m [0m"owners"      = "HR"
        }
      [32m+[0m [0m[1m[0mtags_all[0m[0m                             = {
          [32m+[0m [0m"Name"        = "stag-app1-1"
          [32m+[0m [0m"environment" = "stag"
          [32m+[0m [0m"owners"      = "HR"
        }
      [32m+[0m [0m[1m[0mtenancy[0m[0m                              = "default"
      [32m+[0m [0m[1m[0muser_data[0m[0m                            = "d247b3126d12e9c0c5db10a18b9dd858be2200c2"
      [32m+[0m [0m[1m[0muser_data_base64[0m[0m                     = (known after apply)
      [32m+[0m [0m[1m[0muser_data_replace_on_change[0m[0m          = false
      [32m+[0m [0m[1m[0mvolume_tags[0m[0m                          = {
          [32m+[0m [0m"Name" = "stag-app1-1"
        }
      [32m+[0m [0m[1m[0mvpc_security_group_ids[0m[0m               = (known after apply)

      [32m+[0m [0mcapacity_reservation_specification {
          [32m+[0m [0m[1m[0mcapacity_reservation_preference[0m[0m = (known after apply)

          [32m+[0m [0mcapacity_reservation_target {
              [32m+[0m [0m[1m[0mcapacity_reservation_id[0m[0m                 = (known after apply)
              [32m+[0m [0m[1m[0mcapacity_reservation_resource_group_arn[0m[0m = (known after apply)
            }
        }

      [32m+[0m [0mcredit_specification {
          [32m+[0m [0m[1m[0mcpu_credits[0m[0m = "standard"
        }

      [32m+[0m [0mebs_block_device {
          [32m+[0m [0m[1m[0mdelete_on_termination[0m[0m = (known after apply)
          [32m+[0m [0m[1m[0mdevice_name[0m[0m           = (known after apply)
          [32m+[0m [0m[1m[0mencrypted[0m[0m             = (known after apply)
          [32m+[0m [0m[1m[0miops[0m[0m                  = (known after apply)
          [32m+[0m [0m[1m[0mkms_key_id[0m[0m            = (known after apply)
          [32m+[0m [0m[1m[0msnapshot_id[0m[0m           = (known after apply)
          [32m+[0m [0m[1m[0mtags[0m[0m                  = (known after apply)
          [32m+[0m [0m[1m[0mthroughput[0m[0m            = (known after apply)
          [32m+[0m [0m[1m[0mvolume_id[0m[0m             = (known after apply)
          [32m+[0m [0m[1m[0mvolume_size[0m[0m           = (known after apply)
          [32m+[0m [0m[1m[0mvolume_type[0m[0m           = (known after apply)
        }

      [32m+[0m [0menclave_options {
          [32m+[0m [0m[1m[0menabled[0m[0m = (known after apply)
        }

      [32m+[0m [0mephemeral_block_device {
          [32m+[0m [0m[1m[0mdevice_name[0m[0m  = (known after apply)
          [32m+[0m [0m[1m[0mno_device[0m[0m    = (known after apply)
          [32m+[0m [0m[1m[0mvirtual_name[0m[0m = (known after apply)
        }

      [32m+[0m [0mmaintenance_options {
          [32m+[0m [0m[1m[0mauto_recovery[0m[0m = (known after apply)
        }

      [32m+[0m [0mmetadata_options {
          [32m+[0m [0m[1m[0mhttp_endpoint[0m[0m               = (known after apply)
          [32m+[0m [0m[1m[0mhttp_put_response_hop_limit[0m[0m = (known after apply)
          [32m+[0m [0m[1m[0mhttp_tokens[0m[0m                 = (known after apply)
          [32m+[0m [0m[1m[0minstance_metadata_tags[0m[0m      = (known after apply)
        }

      [32m+[0m [0mnetwork_interface {
          [32m+[0m [0m[1m[0mdelete_on_termination[0m[0m = (known after apply)
          [32m+[0m [0m[1m[0mdevice_index[0m[0m          = (known after apply)
          [32m+[0m [0m[1m[0mnetwork_card_index[0m[0m    = (known after apply)
          [32m+[0m [0m[1m[0mnetwork_interface_id[0m[0m  = (known after apply)
        }

      [32m+[0m [0mprivate_dns_name_options {
          [32m+[0m [0m[1m[0menable_resource_name_dns_a_record[0m[0m    = (known after apply)
          [32m+[0m [0m[1m[0menable_resource_name_dns_aaaa_record[0m[0m = (known after apply)
          [32m+[0m [0m[1m[0mhostname_type[0m[0m                        = (known after apply)
        }

      [32m+[0m [0mroot_block_device {
          [32m+[0m [0m[1m[0mdelete_on_termination[0m[0m = (known after apply)
          [32m+[0m [0m[1m[0mdevice_name[0m[0m           = (known after apply)
          [32m+[0m [0m[1m[0mencrypted[0m[0m             = (known after apply)
          [32m+[0m [0m[1m[0miops[0m[0m                  = (known after apply)
          [32m+[0m [0m[1m[0mkms_key_id[0m[0m            = (known after apply)
          [32m+[0m [0m[1m[0mtags[0m[0m                  = (known after apply)
          [32m+[0m [0m[1m[0mthroughput[0m[0m            = (known after apply)
          [32m+[0m [0m[1m[0mvolume_id[0m[0m             = (known after apply)
          [32m+[0m [0m[1m[0mvolume_size[0m[0m           = (known after apply)
          [32m+[0m [0m[1m[0mvolume_type[0m[0m           = (known after apply)
        }
    }

[1m  # module.ec2_private_app1.aws_instance.this[1][0m will be created[0m[0m
[0m  [32m+[0m[0m resource "aws_instance" "this" {
      [32m+[0m [0m[1m[0mami[0m[0m                                  = "ami-07693758d0ebc2111"
      [32m+[0m [0m[1m[0marn[0m[0m                                  = (known after apply)
      [32m+[0m [0m[1m[0massociate_public_ip_address[0m[0m          = (known after apply)
      [32m+[0m [0m[1m[0mavailability_zone[0m[0m                    = (known after apply)
      [32m+[0m [0m[1m[0mcpu_core_count[0m[0m                       = (known after apply)
      [32m+[0m [0m[1m[0mcpu_threads_per_core[0m[0m                 = (known after apply)
      [32m+[0m [0m[1m[0mdisable_api_stop[0m[0m                     = (known after apply)
      [32m+[0m [0m[1m[0mdisable_api_termination[0m[0m              = false
      [32m+[0m [0m[1m[0mebs_optimized[0m[0m                        = false
      [32m+[0m [0m[1m[0mget_password_data[0m[0m                    = false
      [32m+[0m [0m[1m[0mhost_id[0m[0m                              = (known after apply)
      [32m+[0m [0m[1m[0mhost_resource_group_arn[0m[0m              = (known after apply)
      [32m+[0m [0m[1m[0mid[0m[0m                                   = (known after apply)
      [32m+[0m [0m[1m[0minstance_initiated_shutdown_behavior[0m[0m = (known after apply)
      [32m+[0m [0m[1m[0minstance_state[0m[0m                       = (known after apply)
      [32m+[0m [0m[1m[0minstance_type[0m[0m                        = "t2.micro"
      [32m+[0m [0m[1m[0mipv6_address_count[0m[0m                   = (known after apply)
      [32m+[0m [0m[1m[0mipv6_addresses[0m[0m                       = (known after apply)
      [32m+[0m [0m[1m[0mkey_name[0m[0m                             = "terraform-key-us-east-2"
      [32m+[0m [0m[1m[0mmonitoring[0m[0m                           = false
      [32m+[0m [0m[1m[0moutpost_arn[0m[0m                          = (known after apply)
      [32m+[0m [0m[1m[0mpassword_data[0m[0m                        = (known after apply)
      [32m+[0m [0m[1m[0mplacement_group[0m[0m                      = (known after apply)
      [32m+[0m [0m[1m[0mplacement_partition_number[0m[0m           = (known after apply)
      [32m+[0m [0m[1m[0mprimary_network_interface_id[0m[0m         = (known after apply)
      [32m+[0m [0m[1m[0mprivate_dns[0m[0m                          = (known after apply)
      [32m+[0m [0m[1m[0mprivate_ip[0m[0m                           = (known after apply)
      [32m+[0m [0m[1m[0mpublic_dns[0m[0m                           = (known after apply)
      [32m+[0m [0m[1m[0mpublic_ip[0m[0m                            = (known after apply)
      [32m+[0m [0m[1m[0msecondary_private_ips[0m[0m                = (known after apply)
      [32m+[0m [0m[1m[0msecurity_groups[0m[0m                      = (known after apply)
      [32m+[0m [0m[1m[0msource_dest_check[0m[0m                    = true
      [32m+[0m [0m[1m[0msubnet_id[0m[0m                            = (known after apply)
      [32m+[0m [0m[1m[0mtags[0m[0m                                 = {
          [32m+[0m [0m"Name"        = "stag-app1-2"
          [32m+[0m [0m"environment" = "stag"
          [32m+[0m [0m"owners"      = "HR"
        }
      [32m+[0m [0m[1m[0mtags_all[0m[0m                             = {
          [32m+[0m [0m"Name"        = "stag-app1-2"
          [32m+[0m [0m"environment" = "stag"
          [32m+[0m [0m"owners"      = "HR"
        }
      [32m+[0m [0m[1m[0mtenancy[0m[0m                              = "default"
      [32m+[0m [0m[1m[0muser_data[0m[0m                            = "d247b3126d12e9c0c5db10a18b9dd858be2200c2"
      [32m+[0m [0m[1m[0muser_data_base64[0m[0m                     = (known after apply)
      [32m+[0m [0m[1m[0muser_data_replace_on_change[0m[0m          = false
      [32m+[0m [0m[1m[0mvolume_tags[0m[0m                          = {
          [32m+[0m [0m"Name" = "stag-app1-2"
        }
      [32m+[0m [0m[1m[0mvpc_security_group_ids[0m[0m               = (known after apply)

      [32m+[0m [0mcapacity_reservation_specification {
          [32m+[0m [0m[1m[0mcapacity_reservation_preference[0m[0m = (known after apply)

          [32m+[0m [0mcapacity_reservation_target {
              [32m+[0m [0m[1m[0mcapacity_reservation_id[0m[0m                 = (known after apply)
              [32m+[0m [0m[1m[0mcapacity_reservation_resource_group_arn[0m[0m = (known after apply)
            }
        }

      [32m+[0m [0mcredit_specification {
          [32m+[0m [0m[1m[0mcpu_credits[0m[0m = "standard"
        }

      [32m+[0m [0mebs_block_device {
          [32m+[0m [0m[1m[0mdelete_on_termination[0m[0m = (known after apply)
          [32m+[0m [0m[1m[0mdevice_name[0m[0m           = (known after apply)
          [32m+[0m [0m[1m[0mencrypted[0m[0m             = (known after apply)
          [32m+[0m [0m[1m[0miops[0m[0m                  = (known after apply)
          [32m+[0m [0m[1m[0mkms_key_id[0m[0m            = (known after apply)
          [32m+[0m [0m[1m[0msnapshot_id[0m[0m           = (known after apply)
          [32m+[0m [0m[1m[0mtags[0m[0m                  = (known after apply)
          [32m+[0m [0m[1m[0mthroughput[0m[0m            = (known after apply)
          [32m+[0m [0m[1m[0mvolume_id[0m[0m             = (known after apply)
          [32m+[0m [0m[1m[0mvolume_size[0m[0m           = (known after apply)
          [32m+[0m [0m[1m[0mvolume_type[0m[0m           = (known after apply)
        }

      [32m+[0m [0menclave_options {
          [32m+[0m [0m[1m[0menabled[0m[0m = (known after apply)
        }

      [32m+[0m [0mephemeral_block_device {
          [32m+[0m [0m[1m[0mdevice_name[0m[0m  = (known after apply)
          [32m+[0m [0m[1m[0mno_device[0m[0m    = (known after apply)
          [32m+[0m [0m[1m[0mvirtual_name[0m[0m = (known after apply)
        }

      [32m+[0m [0mmaintenance_options {
          [32m+[0m [0m[1m[0mauto_recovery[0m[0m = (known after apply)
        }

      [32m+[0m [0mmetadata_options {
          [32m+[0m [0m[1m[0mhttp_endpoint[0m[0m               = (known after apply)
          [32m+[0m [0m[1m[0mhttp_put_response_hop_limit[0m[0m = (known after apply)
          [32m+[0m [0m[1m[0mhttp_tokens[0m[0m                 = (known after apply)
          [32m+[0m [0m[1m[0minstance_metadata_tags[0m[0m      = (known after apply)
        }

      [32m+[0m [0mnetwork_interface {
          [32m+[0m [0m[1m[0mdelete_on_termination[0m[0m = (known after apply)
          [32m+[0m [0m[1m[0mdevice_index[0m[0m          = (known after apply)
          [32m+[0m [0m[1m[0mnetwork_card_index[0m[0m    = (known after apply)
          [32m+[0m [0m[1m[0mnetwork_interface_id[0m[0m  = (known after apply)
        }

      [32m+[0m [0mprivate_dns_name_options {
          [32m+[0m [0m[1m[0menable_resource_name_dns_a_record[0m[0m    = (known after apply)
          [32m+[0m [0m[1m[0menable_resource_name_dns_aaaa_record[0m[0m = (known after apply)
          [32m+[0m [0m[1m[0mhostname_type[0m[0m                        = (known after apply)
        }

      [32m+[0m [0mroot_block_device {
          [32m+[0m [0m[1m[0mdelete_on_termination[0m[0m = (known after apply)
          [32m+[0m [0m[1m[0mdevice_name[0m[0m           = (known after apply)
          [32m+[0m [0m[1m[0mencrypted[0m[0m             = (known after apply)
          [32m+[0m [0m[1m[0miops[0m[0m                  = (known after apply)
          [32m+[0m [0m[1m[0mkms_key_id[0m[0m            = (known after apply)
          [32m+[0m [0m[1m[0mtags[0m[0m                  = (known after apply)
          [32m+[0m [0m[1m[0mthroughput[0m[0m            = (known after apply)
          [32m+[0m [0m[1m[0mvolume_id[0m[0m             = (known after apply)
          [32m+[0m [0m[1m[0mvolume_size[0m[0m           = (known after apply)
          [32m+[0m [0m[1m[0mvolume_type[0m[0m           = (known after apply)
        }
    }

[1m  # module.ec2_private_app2.aws_instance.this[0][0m will be created[0m[0m
[0m  [32m+[0m[0m resource "aws_instance" "this" {
      [32m+[0m [0m[1m[0mami[0m[0m                                  = "ami-07693758d0ebc2111"
      [32m+[0m [0m[1m[0marn[0m[0m                                  = (known after apply)
      [32m+[0m [0m[1m[0massociate_public_ip_address[0m[0m          = (known after apply)
      [32m+[0m [0m[1m[0mavailability_zone[0m[0m                    = (known after apply)
      [32m+[0m [0m[1m[0mcpu_core_count[0m[0m                       = (known after apply)
      [32m+[0m [0m[1m[0mcpu_threads_per_core[0m[0m                 = (known after apply)
      [32m+[0m [0m[1m[0mdisable_api_stop[0m[0m                     = (known after apply)
      [32m+[0m [0m[1m[0mdisable_api_termination[0m[0m              = false
      [32m+[0m [0m[1m[0mebs_optimized[0m[0m                        = false
      [32m+[0m [0m[1m[0mget_password_data[0m[0m                    = false
      [32m+[0m [0m[1m[0mhost_id[0m[0m                              = (known after apply)
      [32m+[0m [0m[1m[0mhost_resource_group_arn[0m[0m              = (known after apply)
      [32m+[0m [0m[1m[0mid[0m[0m                                   = (known after apply)
      [32m+[0m [0m[1m[0minstance_initiated_shutdown_behavior[0m[0m = (known after apply)
      [32m+[0m [0m[1m[0minstance_state[0m[0m                       = (known after apply)
      [32m+[0m [0m[1m[0minstance_type[0m[0m                        = "t2.micro"
      [32m+[0m [0m[1m[0mipv6_address_count[0m[0m                   = (known after apply)
      [32m+[0m [0m[1m[0mipv6_addresses[0m[0m                       = (known after apply)
      [32m+[0m [0m[1m[0mkey_name[0m[0m                             = "terraform-key-us-east-2"
      [32m+[0m [0m[1m[0mmonitoring[0m[0m                           = false
      [32m+[0m [0m[1m[0moutpost_arn[0m[0m                          = (known after apply)
      [32m+[0m [0m[1m[0mpassword_data[0m[0m                        = (known after apply)
      [32m+[0m [0m[1m[0mplacement_group[0m[0m                      = (known after apply)
      [32m+[0m [0m[1m[0mplacement_partition_number[0m[0m           = (known after apply)
      [32m+[0m [0m[1m[0mprimary_network_interface_id[0m[0m         = (known after apply)
      [32m+[0m [0m[1m[0mprivate_dns[0m[0m                          = (known after apply)
      [32m+[0m [0m[1m[0mprivate_ip[0m[0m                           = (known after apply)
      [32m+[0m [0m[1m[0mpublic_dns[0m[0m                           = (known after apply)
      [32m+[0m [0m[1m[0mpublic_ip[0m[0m                            = (known after apply)
      [32m+[0m [0m[1m[0msecondary_private_ips[0m[0m                = (known after apply)
      [32m+[0m [0m[1m[0msecurity_groups[0m[0m                      = (known after apply)
      [32m+[0m [0m[1m[0msource_dest_check[0m[0m                    = true
      [32m+[0m [0m[1m[0msubnet_id[0m[0m                            = (known after apply)
      [32m+[0m [0m[1m[0mtags[0m[0m                                 = {
          [32m+[0m [0m"Name"        = "stag-app2-1"
          [32m+[0m [0m"environment" = "stag"
          [32m+[0m [0m"owners"      = "HR"
        }
      [32m+[0m [0m[1m[0mtags_all[0m[0m                             = {
          [32m+[0m [0m"Name"        = "stag-app2-1"
          [32m+[0m [0m"environment" = "stag"
          [32m+[0m [0m"owners"      = "HR"
        }
      [32m+[0m [0m[1m[0mtenancy[0m[0m                              = "default"
      [32m+[0m [0m[1m[0muser_data[0m[0m                            = "1c05fb1a4d43a5930075969c8f6f2e4217750a5c"
      [32m+[0m [0m[1m[0muser_data_base64[0m[0m                     = (known after apply)
      [32m+[0m [0m[1m[0muser_data_replace_on_change[0m[0m          = false
      [32m+[0m [0m[1m[0mvolume_tags[0m[0m                          = {
          [32m+[0m [0m"Name" = "stag-app2-1"
        }
      [32m+[0m [0m[1m[0mvpc_security_group_ids[0m[0m               = (known after apply)

      [32m+[0m [0mcapacity_reservation_specification {
          [32m+[0m [0m[1m[0mcapacity_reservation_preference[0m[0m = (known after apply)

          [32m+[0m [0mcapacity_reservation_target {
              [32m+[0m [0m[1m[0mcapacity_reservation_id[0m[0m                 = (known after apply)
              [32m+[0m [0m[1m[0mcapacity_reservation_resource_group_arn[0m[0m = (known after apply)
            }
        }

      [32m+[0m [0mcredit_specification {
          [32m+[0m [0m[1m[0mcpu_credits[0m[0m = "standard"
        }

      [32m+[0m [0mebs_block_device {
          [32m+[0m [0m[1m[0mdelete_on_termination[0m[0m = (known after apply)
          [32m+[0m [0m[1m[0mdevice_name[0m[0m           = (known after apply)
          [32m+[0m [0m[1m[0mencrypted[0m[0m             = (known after apply)
          [32m+[0m [0m[1m[0miops[0m[0m                  = (known after apply)
          [32m+[0m [0m[1m[0mkms_key_id[0m[0m            = (known after apply)
          [32m+[0m [0m[1m[0msnapshot_id[0m[0m           = (known after apply)
          [32m+[0m [0m[1m[0mtags[0m[0m                  = (known after apply)
          [32m+[0m [0m[1m[0mthroughput[0m[0m            = (known after apply)
          [32m+[0m [0m[1m[0mvolume_id[0m[0m             = (known after apply)
          [32m+[0m [0m[1m[0mvolume_size[0m[0m           = (known after apply)
          [32m+[0m [0m[1m[0mvolume_type[0m[0m           = (known after apply)
        }

      [32m+[0m [0menclave_options {
          [32m+[0m [0m[1m[0menabled[0m[0m = (known after apply)
        }

      [32m+[0m [0mephemeral_block_device {
          [32m+[0m [0m[1m[0mdevice_name[0m[0m  = (known after apply)
          [32m+[0m [0m[1m[0mno_device[0m[0m    = (known after apply)
          [32m+[0m [0m[1m[0mvirtual_name[0m[0m = (known after apply)
        }

      [32m+[0m [0mmaintenance_options {
          [32m+[0m [0m[1m[0mauto_recovery[0m[0m = (known after apply)
        }

      [32m+[0m [0mmetadata_options {
          [32m+[0m [0m[1m[0mhttp_endpoint[0m[0m               = (known after apply)
          [32m+[0m [0m[1m[0mhttp_put_response_hop_limit[0m[0m = (known after apply)
          [32m+[0m [0m[1m[0mhttp_tokens[0m[0m                 = (known after apply)
          [32m+[0m [0m[1m[0minstance_metadata_tags[0m[0m      = (known after apply)
        }

      [32m+[0m [0mnetwork_interface {
          [32m+[0m [0m[1m[0mdelete_on_termination[0m[0m = (known after apply)
          [32m+[0m [0m[1m[0mdevice_index[0m[0m          = (known after apply)
          [32m+[0m [0m[1m[0mnetwork_card_index[0m[0m    = (known after apply)
          [32m+[0m [0m[1m[0mnetwork_interface_id[0m[0m  = (known after apply)
        }

      [32m+[0m [0mprivate_dns_name_options {
          [32m+[0m [0m[1m[0menable_resource_name_dns_a_record[0m[0m    = (known after apply)
          [32m+[0m [0m[1m[0menable_resource_name_dns_aaaa_record[0m[0m = (known after apply)
          [32m+[0m [0m[1m[0mhostname_type[0m[0m                        = (known after apply)
        }

      [32m+[0m [0mroot_block_device {
          [32m+[0m [0m[1m[0mdelete_on_termination[0m[0m = (known after apply)
          [32m+[0m [0m[1m[0mdevice_name[0m[0m           = (known after apply)
          [32m+[0m [0m[1m[0mencrypted[0m[0m             = (known after apply)
          [32m+[0m [0m[1m[0miops[0m[0m                  = (known after apply)
          [32m+[0m [0m[1m[0mkms_key_id[0m[0m            = (known after apply)
          [32m+[0m [0m[1m[0mtags[0m[0m                  = (known after apply)
          [32m+[0m [0m[1m[0mthroughput[0m[0m            = (known after apply)
          [32m+[0m [0m[1m[0mvolume_id[0m[0m             = (known after apply)
          [32m+[0m [0m[1m[0mvolume_size[0m[0m           = (known after apply)
          [32m+[0m [0m[1m[0mvolume_type[0m[0m           = (known after apply)
        }
    }

[1m  # module.ec2_private_app2.aws_instance.this[1][0m will be created[0m[0m
[0m  [32m+[0m[0m resource "aws_instance" "this" {
      [32m+[0m [0m[1m[0mami[0m[0m                                  = "ami-07693758d0ebc2111"
      [32m+[0m [0m[1m[0marn[0m[0m                                  = (known after apply)
      [32m+[0m [0m[1m[0massociate_public_ip_address[0m[0m          = (known after apply)
      [32m+[0m [0m[1m[0mavailability_zone[0m[0m                    = (known after apply)
      [32m+[0m [0m[1m[0mcpu_core_count[0m[0m                       = (known after apply)
      [32m+[0m [0m[1m[0mcpu_threads_per_core[0m[0m                 = (known after apply)
      [32m+[0m [0m[1m[0mdisable_api_stop[0m[0m                     = (known after apply)
      [32m+[0m [0m[1m[0mdisable_api_termination[0m[0m              = false
      [32m+[0m [0m[1m[0mebs_optimized[0m[0m                        = false
      [32m+[0m [0m[1m[0mget_password_data[0m[0m                    = false
      [32m+[0m [0m[1m[0mhost_id[0m[0m                              = (known after apply)
      [32m+[0m [0m[1m[0mhost_resource_group_arn[0m[0m              = (known after apply)
      [32m+[0m [0m[1m[0mid[0m[0m                                   = (known after apply)
      [32m+[0m [0m[1m[0minstance_initiated_shutdown_behavior[0m[0m = (known after apply)
      [32m+[0m [0m[1m[0minstance_state[0m[0m                       = (known after apply)
      [32m+[0m [0m[1m[0minstance_type[0m[0m                        = "t2.micro"
      [32m+[0m [0m[1m[0mipv6_address_count[0m[0m                   = (known after apply)
      [32m+[0m [0m[1m[0mipv6_addresses[0m[0m                       = (known after apply)
      [32m+[0m [0m[1m[0mkey_name[0m[0m                             = "terraform-key-us-east-2"
      [32m+[0m [0m[1m[0mmonitoring[0m[0m                           = false
      [32m+[0m [0m[1m[0moutpost_arn[0m[0m                          = (known after apply)
      [32m+[0m [0m[1m[0mpassword_data[0m[0m                        = (known after apply)
      [32m+[0m [0m[1m[0mplacement_group[0m[0m                      = (known after apply)
      [32m+[0m [0m[1m[0mplacement_partition_number[0m[0m           = (known after apply)
      [32m+[0m [0m[1m[0mprimary_network_interface_id[0m[0m         = (known after apply)
      [32m+[0m [0m[1m[0mprivate_dns[0m[0m                          = (known after apply)
      [32m+[0m [0m[1m[0mprivate_ip[0m[0m                           = (known after apply)
      [32m+[0m [0m[1m[0mpublic_dns[0m[0m                           = (known after apply)
      [32m+[0m [0m[1m[0mpublic_ip[0m[0m                            = (known after apply)
      [32m+[0m [0m[1m[0msecondary_private_ips[0m[0m                = (known after apply)
      [32m+[0m [0m[1m[0msecurity_groups[0m[0m                      = (known after apply)
      [32m+[0m [0m[1m[0msource_dest_check[0m[0m                    = true
      [32m+[0m [0m[1m[0msubnet_id[0m[0m                            = (known after apply)
      [32m+[0m [0m[1m[0mtags[0m[0m                                 = {
          [32m+[0m [0m"Name"        = "stag-app2-2"
          [32m+[0m [0m"environment" = "stag"
          [32m+[0m [0m"owners"      = "HR"
        }
      [32m+[0m [0m[1m[0mtags_all[0m[0m                             = {
          [32m+[0m [0m"Name"        = "stag-app2-2"
          [32m+[0m [0m"environment" = "stag"
          [32m+[0m [0m"owners"      = "HR"
        }
      [32m+[0m [0m[1m[0mtenancy[0m[0m                              = "default"
      [32m+[0m [0m[1m[0muser_data[0m[0m                            = "1c05fb1a4d43a5930075969c8f6f2e4217750a5c"
      [32m+[0m [0m[1m[0muser_data_base64[0m[0m                     = (known after apply)
      [32m+[0m [0m[1m[0muser_data_replace_on_change[0m[0m          = false
      [32m+[0m [0m[1m[0mvolume_tags[0m[0m                          = {
          [32m+[0m [0m"Name" = "stag-app2-2"
        }
      [32m+[0m [0m[1m[0mvpc_security_group_ids[0m[0m               = (known after apply)

      [32m+[0m [0mcapacity_reservation_specification {
          [32m+[0m [0m[1m[0mcapacity_reservation_preference[0m[0m = (known after apply)

          [32m+[0m [0mcapacity_reservation_target {
              [32m+[0m [0m[1m[0mcapacity_reservation_id[0m[0m                 = (known after apply)
              [32m+[0m [0m[1m[0mcapacity_reservation_resource_group_arn[0m[0m = (known after apply)
            }
        }

      [32m+[0m [0mcredit_specification {
          [32m+[0m [0m[1m[0mcpu_credits[0m[0m = "standard"
        }

      [32m+[0m [0mebs_block_device {
          [32m+[0m [0m[1m[0mdelete_on_termination[0m[0m = (known after apply)
          [32m+[0m [0m[1m[0mdevice_name[0m[0m           = (known after apply)
          [32m+[0m [0m[1m[0mencrypted[0m[0m             = (known after apply)
          [32m+[0m [0m[1m[0miops[0m[0m                  = (known after apply)
          [32m+[0m [0m[1m[0mkms_key_id[0m[0m            = (known after apply)
          [32m+[0m [0m[1m[0msnapshot_id[0m[0m           = (known after apply)
          [32m+[0m [0m[1m[0mtags[0m[0m                  = (known after apply)
          [32m+[0m [0m[1m[0mthroughput[0m[0m            = (known after apply)
          [32m+[0m [0m[1m[0mvolume_id[0m[0m             = (known after apply)
          [32m+[0m [0m[1m[0mvolume_size[0m[0m           = (known after apply)
          [32m+[0m [0m[1m[0mvolume_type[0m[0m           = (known after apply)
        }

      [32m+[0m [0menclave_options {
          [32m+[0m [0m[1m[0menabled[0m[0m = (known after apply)
        }

      [32m+[0m [0mephemeral_block_device {
          [32m+[0m [0m[1m[0mdevice_name[0m[0m  = (known after apply)
          [32m+[0m [0m[1m[0mno_device[0m[0m    = (known after apply)
          [32m+[0m [0m[1m[0mvirtual_name[0m[0m = (known after apply)
        }

      [32m+[0m [0mmaintenance_options {
          [32m+[0m [0m[1m[0mauto_recovery[0m[0m = (known after apply)
        }

      [32m+[0m [0mmetadata_options {
          [32m+[0m [0m[1m[0mhttp_endpoint[0m[0m               = (known after apply)
          [32m+[0m [0m[1m[0mhttp_put_response_hop_limit[0m[0m = (known after apply)
          [32m+[0m [0m[1m[0mhttp_tokens[0m[0m                 = (known after apply)
          [32m+[0m [0m[1m[0minstance_metadata_tags[0m[0m      = (known after apply)
        }

      [32m+[0m [0mnetwork_interface {
          [32m+[0m [0m[1m[0mdelete_on_termination[0m[0m = (known after apply)
          [32m+[0m [0m[1m[0mdevice_index[0m[0m          = (known after apply)
          [32m+[0m [0m[1m[0mnetwork_card_index[0m[0m    = (known after apply)
          [32m+[0m [0m[1m[0mnetwork_interface_id[0m[0m  = (known after apply)
        }

      [32m+[0m [0mprivate_dns_name_options {
          [32m+[0m [0m[1m[0menable_resource_name_dns_a_record[0m[0m    = (known after apply)
          [32m+[0m [0m[1m[0menable_resource_name_dns_aaaa_record[0m[0m = (known after apply)
          [32m+[0m [0m[1m[0mhostname_type[0m[0m                        = (known after apply)
        }

      [32m+[0m [0mroot_block_device {
          [32m+[0m [0m[1m[0mdelete_on_termination[0m[0m = (known after apply)
          [32m+[0m [0m[1m[0mdevice_name[0m[0m           = (known after apply)
          [32m+[0m [0m[1m[0mencrypted[0m[0m             = (known after apply)
          [32m+[0m [0m[1m[0miops[0m[0m                  = (known after apply)
          [32m+[0m [0m[1m[0mkms_key_id[0m[0m            = (known after apply)
          [32m+[0m [0m[1m[0mtags[0m[0m                  = (known after apply)
          [32m+[0m [0m[1m[0mthroughput[0m[0m            = (known after apply)
          [32m+[0m [0m[1m[0mvolume_id[0m[0m             = (known after apply)
          [32m+[0m [0m[1m[0mvolume_size[0m[0m           = (known after apply)
          [32m+[0m [0m[1m[0mvolume_type[0m[0m           = (known after apply)
        }
    }

[1m  # module.ec2_public.aws_instance.this[0][0m will be created[0m[0m
[0m  [32m+[0m[0m resource "aws_instance" "this" {
      [32m+[0m [0m[1m[0mami[0m[0m                                  = "ami-07693758d0ebc2111"
      [32m+[0m [0m[1m[0marn[0m[0m                                  = (known after apply)
      [32m+[0m [0m[1m[0massociate_public_ip_address[0m[0m          = (known after apply)
      [32m+[0m [0m[1m[0mavailability_zone[0m[0m                    = (known after apply)
      [32m+[0m [0m[1m[0mcpu_core_count[0m[0m                       = (known after apply)
      [32m+[0m [0m[1m[0mcpu_threads_per_core[0m[0m                 = (known after apply)
      [32m+[0m [0m[1m[0mdisable_api_stop[0m[0m                     = (known after apply)
      [32m+[0m [0m[1m[0mdisable_api_termination[0m[0m              = false
      [32m+[0m [0m[1m[0mebs_optimized[0m[0m                        = false
      [32m+[0m [0m[1m[0mget_password_data[0m[0m                    = false
      [32m+[0m [0m[1m[0mhost_id[0m[0m                              = (known after apply)
      [32m+[0m [0m[1m[0mhost_resource_group_arn[0m[0m              = (known after apply)
      [32m+[0m [0m[1m[0mid[0m[0m                                   = (known after apply)
      [32m+[0m [0m[1m[0minstance_initiated_shutdown_behavior[0m[0m = (known after apply)
      [32m+[0m [0m[1m[0minstance_state[0m[0m                       = (known after apply)
      [32m+[0m [0m[1m[0minstance_type[0m[0m                        = "t2.micro"
      [32m+[0m [0m[1m[0mipv6_address_count[0m[0m                   = (known after apply)
      [32m+[0m [0m[1m[0mipv6_addresses[0m[0m                       = (known after apply)
      [32m+[0m [0m[1m[0mkey_name[0m[0m                             = "terraform-key-us-east-2"
      [32m+[0m [0m[1m[0mmonitoring[0m[0m                           = false
      [32m+[0m [0m[1m[0moutpost_arn[0m[0m                          = (known after apply)
      [32m+[0m [0m[1m[0mpassword_data[0m[0m                        = (known after apply)
      [32m+[0m [0m[1m[0mplacement_group[0m[0m                      = (known after apply)
      [32m+[0m [0m[1m[0mplacement_partition_number[0m[0m           = (known after apply)
      [32m+[0m [0m[1m[0mprimary_network_interface_id[0m[0m         = (known after apply)
      [32m+[0m [0m[1m[0mprivate_dns[0m[0m                          = (known after apply)
      [32m+[0m [0m[1m[0mprivate_ip[0m[0m                           = (known after apply)
      [32m+[0m [0m[1m[0mpublic_dns[0m[0m                           = (known after apply)
      [32m+[0m [0m[1m[0mpublic_ip[0m[0m                            = (known after apply)
      [32m+[0m [0m[1m[0msecondary_private_ips[0m[0m                = (known after apply)
      [32m+[0m [0m[1m[0msecurity_groups[0m[0m                      = (known after apply)
      [32m+[0m [0m[1m[0msource_dest_check[0m[0m                    = true
      [32m+[0m [0m[1m[0msubnet_id[0m[0m                            = (known after apply)
      [32m+[0m [0m[1m[0mtags[0m[0m                                 = {
          [32m+[0m [0m"Name"        = "stag-BastionHost"
          [32m+[0m [0m"environment" = "stag"
          [32m+[0m [0m"owners"      = "HR"
        }
      [32m+[0m [0m[1m[0mtags_all[0m[0m                             = {
          [32m+[0m [0m"Name"        = "stag-BastionHost"
          [32m+[0m [0m"environment" = "stag"
          [32m+[0m [0m"owners"      = "HR"
        }
      [32m+[0m [0m[1m[0mtenancy[0m[0m                              = "default"
      [32m+[0m [0m[1m[0muser_data[0m[0m                            = (known after apply)
      [32m+[0m [0m[1m[0muser_data_base64[0m[0m                     = (known after apply)
      [32m+[0m [0m[1m[0muser_data_replace_on_change[0m[0m          = false
      [32m+[0m [0m[1m[0mvolume_tags[0m[0m                          = {
          [32m+[0m [0m"Name" = "stag-BastionHost"
        }
      [32m+[0m [0m[1m[0mvpc_security_group_ids[0m[0m               = (known after apply)

      [32m+[0m [0mcapacity_reservation_specification {
          [32m+[0m [0m[1m[0mcapacity_reservation_preference[0m[0m = (known after apply)

          [32m+[0m [0mcapacity_reservation_target {
              [32m+[0m [0m[1m[0mcapacity_reservation_id[0m[0m                 = (known after apply)
              [32m+[0m [0m[1m[0mcapacity_reservation_resource_group_arn[0m[0m = (known after apply)
            }
        }

      [32m+[0m [0mcredit_specification {
          [32m+[0m [0m[1m[0mcpu_credits[0m[0m = "standard"
        }

      [32m+[0m [0mebs_block_device {
          [32m+[0m [0m[1m[0mdelete_on_termination[0m[0m = (known after apply)
          [32m+[0m [0m[1m[0mdevice_name[0m[0m           = (known after apply)
          [32m+[0m [0m[1m[0mencrypted[0m[0m             = (known after apply)
          [32m+[0m [0m[1m[0miops[0m[0m                  = (known after apply)
          [32m+[0m [0m[1m[0mkms_key_id[0m[0m            = (known after apply)
          [32m+[0m [0m[1m[0msnapshot_id[0m[0m           = (known after apply)
          [32m+[0m [0m[1m[0mtags[0m[0m                  = (known after apply)
          [32m+[0m [0m[1m[0mthroughput[0m[0m            = (known after apply)
          [32m+[0m [0m[1m[0mvolume_id[0m[0m             = (known after apply)
          [32m+[0m [0m[1m[0mvolume_size[0m[0m           = (known after apply)
          [32m+[0m [0m[1m[0mvolume_type[0m[0m           = (known after apply)
        }

      [32m+[0m [0menclave_options {
          [32m+[0m [0m[1m[0menabled[0m[0m = (known after apply)
        }

      [32m+[0m [0mephemeral_block_device {
          [32m+[0m [0m[1m[0mdevice_name[0m[0m  = (known after apply)
          [32m+[0m [0m[1m[0mno_device[0m[0m    = (known after apply)
          [32m+[0m [0m[1m[0mvirtual_name[0m[0m = (known after apply)
        }

      [32m+[0m [0mmaintenance_options {
          [32m+[0m [0m[1m[0mauto_recovery[0m[0m = (known after apply)
        }

      [32m+[0m [0mmetadata_options {
          [32m+[0m [0m[1m[0mhttp_endpoint[0m[0m               = (known after apply)
          [32m+[0m [0m[1m[0mhttp_put_response_hop_limit[0m[0m = (known after apply)
          [32m+[0m [0m[1m[0mhttp_tokens[0m[0m                 = (known after apply)
          [32m+[0m [0m[1m[0minstance_metadata_tags[0m[0m      = (known after apply)
        }

      [32m+[0m [0mnetwork_interface {
          [32m+[0m [0m[1m[0mdelete_on_termination[0m[0m = (known after apply)
          [32m+[0m [0m[1m[0mdevice_index[0m[0m          = (known after apply)
          [32m+[0m [0m[1m[0mnetwork_card_index[0m[0m    = (known after apply)
          [32m+[0m [0m[1m[0mnetwork_interface_id[0m[0m  = (known after apply)
        }

      [32m+[0m [0mprivate_dns_name_options {
          [32m+[0m [0m[1m[0menable_resource_name_dns_a_record[0m[0m    = (known after apply)
          [32m+[0m [0m[1m[0menable_resource_name_dns_aaaa_record[0m[0m = (known after apply)
          [32m+[0m [0m[1m[0mhostname_type[0m[0m                        = (known after apply)
        }

      [32m+[0m [0mroot_block_device {
          [32m+[0m [0m[1m[0mdelete_on_termination[0m[0m = (known after apply)
          [32m+[0m [0m[1m[0mdevice_name[0m[0m           = (known after apply)
          [32m+[0m [0m[1m[0mencrypted[0m[0m             = (known after apply)
          [32m+[0m [0m[1m[0miops[0m[0m                  = (known after apply)
          [32m+[0m [0m[1m[0mkms_key_id[0m[0m            = (known after apply)
          [32m+[0m [0m[1m[0mtags[0m[0m                  = (known after apply)
          [32m+[0m [0m[1m[0mthroughput[0m[0m            = (known after apply)
          [32m+[0m [0m[1m[0mvolume_id[0m[0m             = (known after apply)
          [32m+[0m [0m[1m[0mvolume_size[0m[0m           = (known after apply)
          [32m+[0m [0m[1m[0mvolume_type[0m[0m           = (known after apply)
        }
    }

[1m  # module.loadbalancer_sg.aws_security_group.this_name_prefix[0][0m will be created[0m[0m
[0m  [32m+[0m[0m resource "aws_security_group" "this_name_prefix" {
      [32m+[0m [0m[1m[0marn[0m[0m                    = (known after apply)
      [32m+[0m [0m[1m[0mdescription[0m[0m            = "Security Group with HTTP open for entire Internet (IPv4 CIDR), egress ports are all world open"
      [32m+[0m [0m[1m[0megress[0m[0m                 = (known after apply)
      [32m+[0m [0m[1m[0mid[0m[0m                     = (known after apply)
      [32m+[0m [0m[1m[0mingress[0m[0m                = (known after apply)
      [32m+[0m [0m[1m[0mname[0m[0m                   = (known after apply)
      [32m+[0m [0m[1m[0mname_prefix[0m[0m            = "loadbalancer_sg-"
      [32m+[0m [0m[1m[0mowner_id[0m[0m               = (known after apply)
      [32m+[0m [0m[1m[0mrevoke_rules_on_delete[0m[0m = false
      [32m+[0m [0m[1m[0mtags[0m[0m                   = {
          [32m+[0m [0m"Name"        = "loadbalancer_sg"
          [32m+[0m [0m"environment" = "stag"
          [32m+[0m [0m"owners"      = "HR"
        }
      [32m+[0m [0m[1m[0mtags_all[0m[0m               = {
          [32m+[0m [0m"Name"        = "loadbalancer_sg"
          [32m+[0m [0m"environment" = "stag"
          [32m+[0m [0m"owners"      = "HR"
        }
      [32m+[0m [0m[1m[0mvpc_id[0m[0m                 = (known after apply)
    }

[1m  # module.loadbalancer_sg.aws_security_group_rule.egress_rules[0][0m will be created[0m[0m
[0m  [32m+[0m[0m resource "aws_security_group_rule" "egress_rules" {
      [32m+[0m [0m[1m[0mcidr_blocks[0m[0m              = [
          [32m+[0m [0m"0.0.0.0/0",
        ]
      [32m+[0m [0m[1m[0mdescription[0m[0m              = "All protocols"
      [32m+[0m [0m[1m[0mfrom_port[0m[0m                = -1
      [32m+[0m [0m[1m[0mid[0m[0m                       = (known after apply)
      [32m+[0m [0m[1m[0mipv6_cidr_blocks[0m[0m         = [
          [32m+[0m [0m"::/0",
        ]
      [32m+[0m [0m[1m[0mprefix_list_ids[0m[0m          = []
      [32m+[0m [0m[1m[0mprotocol[0m[0m                 = "-1"
      [32m+[0m [0m[1m[0msecurity_group_id[0m[0m        = (known after apply)
      [32m+[0m [0m[1m[0mself[0m[0m                     = false
      [32m+[0m [0m[1m[0msource_security_group_id[0m[0m = (known after apply)
      [32m+[0m [0m[1m[0mto_port[0m[0m                  = -1
      [32m+[0m [0m[1m[0mtype[0m[0m                     = "egress"
    }

[1m  # module.loadbalancer_sg.aws_security_group_rule.ingress_rules[0][0m will be created[0m[0m
[0m  [32m+[0m[0m resource "aws_security_group_rule" "ingress_rules" {
      [32m+[0m [0m[1m[0mcidr_blocks[0m[0m              = [
          [32m+[0m [0m"0.0.0.0/0",
        ]
      [32m+[0m [0m[1m[0mdescription[0m[0m              = "HTTP"
      [32m+[0m [0m[1m[0mfrom_port[0m[0m                = 80
      [32m+[0m [0m[1m[0mid[0m[0m                       = (known after apply)
      [32m+[0m [0m[1m[0mipv6_cidr_blocks[0m[0m         = []
      [32m+[0m [0m[1m[0mprefix_list_ids[0m[0m          = []
      [32m+[0m [0m[1m[0mprotocol[0m[0m                 = "tcp"
      [32m+[0m [0m[1m[0msecurity_group_id[0m[0m        = (known after apply)
      [32m+[0m [0m[1m[0mself[0m[0m                     = false
      [32m+[0m [0m[1m[0msource_security_group_id[0m[0m = (known after apply)
      [32m+[0m [0m[1m[0mto_port[0m[0m                  = 80
      [32m+[0m [0m[1m[0mtype[0m[0m                     = "ingress"
    }

[1m  # module.loadbalancer_sg.aws_security_group_rule.ingress_rules[1][0m will be created[0m[0m
[0m  [32m+[0m[0m resource "aws_security_group_rule" "ingress_rules" {
      [32m+[0m [0m[1m[0mcidr_blocks[0m[0m              = [
          [32m+[0m [0m"0.0.0.0/0",
        ]
      [32m+[0m [0m[1m[0mdescription[0m[0m              = "HTTPS"
      [32m+[0m [0m[1m[0mfrom_port[0m[0m                = 443
      [32m+[0m [0m[1m[0mid[0m[0m                       = (known after apply)
      [32m+[0m [0m[1m[0mipv6_cidr_blocks[0m[0m         = []
      [32m+[0m [0m[1m[0mprefix_list_ids[0m[0m          = []
      [32m+[0m [0m[1m[0mprotocol[0m[0m                 = "tcp"
      [32m+[0m [0m[1m[0msecurity_group_id[0m[0m        = (known after apply)
      [32m+[0m [0m[1m[0mself[0m[0m                     = false
      [32m+[0m [0m[1m[0msource_security_group_id[0m[0m = (known after apply)
      [32m+[0m [0m[1m[0mto_port[0m[0m                  = 443
      [32m+[0m [0m[1m[0mtype[0m[0m                     = "ingress"
    }

[1m  # module.loadbalancer_sg.aws_security_group_rule.ingress_with_cidr_blocks[0][0m will be created[0m[0m
[0m  [32m+[0m[0m resource "aws_security_group_rule" "ingress_with_cidr_blocks" {
      [32m+[0m [0m[1m[0mcidr_blocks[0m[0m              = [
          [32m+[0m [0m"0.0.0.0/0",
        ]
      [32m+[0m [0m[1m[0mdescription[0m[0m              = "Allow Port 81 from internet"
      [32m+[0m [0m[1m[0mfrom_port[0m[0m                = 81
      [32m+[0m [0m[1m[0mid[0m[0m                       = (known after apply)
      [32m+[0m [0m[1m[0mprefix_list_ids[0m[0m          = []
      [32m+[0m [0m[1m[0mprotocol[0m[0m                 = "tcp"
      [32m+[0m [0m[1m[0msecurity_group_id[0m[0m        = (known after apply)
      [32m+[0m [0m[1m[0mself[0m[0m                     = false
      [32m+[0m [0m[1m[0msource_security_group_id[0m[0m = (known after apply)
      [32m+[0m [0m[1m[0mto_port[0m[0m                  = 81
      [32m+[0m [0m[1m[0mtype[0m[0m                     = "ingress"
    }

[1m  # module.private_sg.aws_security_group.this_name_prefix[0][0m will be created[0m[0m
[0m  [32m+[0m[0m resource "aws_security_group" "this_name_prefix" {
      [32m+[0m [0m[1m[0marn[0m[0m                    = (known after apply)
      [32m+[0m [0m[1m[0mdescription[0m[0m            = "Security Group with HTTP & SSH port open for entire VPC Block (IPv4 CIDR), egress ports are all world open"
      [32m+[0m [0m[1m[0megress[0m[0m                 = (known after apply)
      [32m+[0m [0m[1m[0mid[0m[0m                     = (known after apply)
      [32m+[0m [0m[1m[0mingress[0m[0m                = (known after apply)
      [32m+[0m [0m[1m[0mname[0m[0m                   = (known after apply)
      [32m+[0m [0m[1m[0mname_prefix[0m[0m            = "private-sg-"
      [32m+[0m [0m[1m[0mowner_id[0m[0m               = (known after apply)
      [32m+[0m [0m[1m[0mrevoke_rules_on_delete[0m[0m = false
      [32m+[0m [0m[1m[0mtags[0m[0m                   = {
          [32m+[0m [0m"Name"        = "private-sg"
          [32m+[0m [0m"environment" = "stag"
          [32m+[0m [0m"owners"      = "HR"
        }
      [32m+[0m [0m[1m[0mtags_all[0m[0m               = {
          [32m+[0m [0m"Name"        = "private-sg"
          [32m+[0m [0m"environment" = "stag"
          [32m+[0m [0m"owners"      = "HR"
        }
      [32m+[0m [0m[1m[0mvpc_id[0m[0m                 = (known after apply)
    }

[1m  # module.private_sg.aws_security_group_rule.egress_rules[0][0m will be created[0m[0m
[0m  [32m+[0m[0m resource "aws_security_group_rule" "egress_rules" {
      [32m+[0m [0m[1m[0mcidr_blocks[0m[0m              = [
          [32m+[0m [0m"0.0.0.0/0",
        ]
      [32m+[0m [0m[1m[0mdescription[0m[0m              = "All protocols"
      [32m+[0m [0m[1m[0mfrom_port[0m[0m                = -1
      [32m+[0m [0m[1m[0mid[0m[0m                       = (known after apply)
      [32m+[0m [0m[1m[0mipv6_cidr_blocks[0m[0m         = [
          [32m+[0m [0m"::/0",
        ]
      [32m+[0m [0m[1m[0mprefix_list_ids[0m[0m          = []
      [32m+[0m [0m[1m[0mprotocol[0m[0m                 = "-1"
      [32m+[0m [0m[1m[0msecurity_group_id[0m[0m        = (known after apply)
      [32m+[0m [0m[1m[0mself[0m[0m                     = false
      [32m+[0m [0m[1m[0msource_security_group_id[0m[0m = (known after apply)
      [32m+[0m [0m[1m[0mto_port[0m[0m                  = -1
      [32m+[0m [0m[1m[0mtype[0m[0m                     = "egress"
    }

[1m  # module.private_sg.aws_security_group_rule.ingress_rules[0][0m will be created[0m[0m
[0m  [32m+[0m[0m resource "aws_security_group_rule" "ingress_rules" {
      [32m+[0m [0m[1m[0mcidr_blocks[0m[0m              = [
          [32m+[0m [0m"10.0.0.0/16",
        ]
      [32m+[0m [0m[1m[0mdescription[0m[0m              = "SSH"
      [32m+[0m [0m[1m[0mfrom_port[0m[0m                = 22
      [32m+[0m [0m[1m[0mid[0m[0m                       = (known after apply)
      [32m+[0m [0m[1m[0mipv6_cidr_blocks[0m[0m         = []
      [32m+[0m [0m[1m[0mprefix_list_ids[0m[0m          = []
      [32m+[0m [0m[1m[0mprotocol[0m[0m                 = "tcp"
      [32m+[0m [0m[1m[0msecurity_group_id[0m[0m        = (known after apply)
      [32m+[0m [0m[1m[0mself[0m[0m                     = false
      [32m+[0m [0m[1m[0msource_security_group_id[0m[0m = (known after apply)
      [32m+[0m [0m[1m[0mto_port[0m[0m                  = 22
      [32m+[0m [0m[1m[0mtype[0m[0m                     = "ingress"
    }

[1m  # module.private_sg.aws_security_group_rule.ingress_rules[1][0m will be created[0m[0m
[0m  [32m+[0m[0m resource "aws_security_group_rule" "ingress_rules" {
      [32m+[0m [0m[1m[0mcidr_blocks[0m[0m              = [
          [32m+[0m [0m"10.0.0.0/16",
        ]
      [32m+[0m [0m[1m[0mdescription[0m[0m              = "HTTP"
      [32m+[0m [0m[1m[0mfrom_port[0m[0m                = 80
      [32m+[0m [0m[1m[0mid[0m[0m                       = (known after apply)
      [32m+[0m [0m[1m[0mipv6_cidr_blocks[0m[0m         = []
      [32m+[0m [0m[1m[0mprefix_list_ids[0m[0m          = []
      [32m+[0m [0m[1m[0mprotocol[0m[0m                 = "tcp"
      [32m+[0m [0m[1m[0msecurity_group_id[0m[0m        = (known after apply)
      [32m+[0m [0m[1m[0mself[0m[0m                     = false
      [32m+[0m [0m[1m[0msource_security_group_id[0m[0m = (known after apply)
      [32m+[0m [0m[1m[0mto_port[0m[0m                  = 80
      [32m+[0m [0m[1m[0mtype[0m[0m                     = "ingress"
    }

[1m  # module.public_bastion_sg.aws_security_group.this_name_prefix[0][0m will be created[0m[0m
[0m  [32m+[0m[0m resource "aws_security_group" "this_name_prefix" {
      [32m+[0m [0m[1m[0marn[0m[0m                    = (known after apply)
      [32m+[0m [0m[1m[0mdescription[0m[0m            = "Security Group with SSH port open for everybody (IPv4 CIDR), egress ports are all world open"
      [32m+[0m [0m[1m[0megress[0m[0m                 = (known after apply)
      [32m+[0m [0m[1m[0mid[0m[0m                     = (known after apply)
      [32m+[0m [0m[1m[0mingress[0m[0m                = (known after apply)
      [32m+[0m [0m[1m[0mname[0m[0m                   = (known after apply)
      [32m+[0m [0m[1m[0mname_prefix[0m[0m            = "public-bastion-sg-"
      [32m+[0m [0m[1m[0mowner_id[0m[0m               = (known after apply)
      [32m+[0m [0m[1m[0mrevoke_rules_on_delete[0m[0m = false
      [32m+[0m [0m[1m[0mtags[0m[0m                   = {
          [32m+[0m [0m"Name"        = "public-bastion-sg"
          [32m+[0m [0m"environment" = "stag"
          [32m+[0m [0m"owners"      = "HR"
        }
      [32m+[0m [0m[1m[0mtags_all[0m[0m               = {
          [32m+[0m [0m"Name"        = "public-bastion-sg"
          [32m+[0m [0m"environment" = "stag"
          [32m+[0m [0m"owners"      = "HR"
        }
      [32m+[0m [0m[1m[0mvpc_id[0m[0m                 = (known after apply)
    }

[1m  # module.public_bastion_sg.aws_security_group_rule.egress_rules[0][0m will be created[0m[0m
[0m  [32m+[0m[0m resource "aws_security_group_rule" "egress_rules" {
      [32m+[0m [0m[1m[0mcidr_blocks[0m[0m              = [
          [32m+[0m [0m"0.0.0.0/0",
        ]
      [32m+[0m [0m[1m[0mdescription[0m[0m              = "All protocols"
      [32m+[0m [0m[1m[0mfrom_port[0m[0m                = -1
      [32m+[0m [0m[1m[0mid[0m[0m                       = (known after apply)
      [32m+[0m [0m[1m[0mipv6_cidr_blocks[0m[0m         = [
          [32m+[0m [0m"::/0",
        ]
      [32m+[0m [0m[1m[0mprefix_list_ids[0m[0m          = []
      [32m+[0m [0m[1m[0mprotocol[0m[0m                 = "-1"
      [32m+[0m [0m[1m[0msecurity_group_id[0m[0m        = (known after apply)
      [32m+[0m [0m[1m[0mself[0m[0m                     = false
      [32m+[0m [0m[1m[0msource_security_group_id[0m[0m = (known after apply)
      [32m+[0m [0m[1m[0mto_port[0m[0m                  = -1
      [32m+[0m [0m[1m[0mtype[0m[0m                     = "egress"
    }

[1m  # module.public_bastion_sg.aws_security_group_rule.ingress_rules[0][0m will be created[0m[0m
[0m  [32m+[0m[0m resource "aws_security_group_rule" "ingress_rules" {
      [32m+[0m [0m[1m[0mcidr_blocks[0m[0m              = [
          [32m+[0m [0m"0.0.0.0/0",
        ]
      [32m+[0m [0m[1m[0mdescription[0m[0m              = "SSH"
      [32m+[0m [0m[1m[0mfrom_port[0m[0m                = 22
      [32m+[0m [0m[1m[0mid[0m[0m                       = (known after apply)
      [32m+[0m [0m[1m[0mipv6_cidr_blocks[0m[0m         = []
      [32m+[0m [0m[1m[0mprefix_list_ids[0m[0m          = []
      [32m+[0m [0m[1m[0mprotocol[0m[0m                 = "tcp"
      [32m+[0m [0m[1m[0msecurity_group_id[0m[0m        = (known after apply)
      [32m+[0m [0m[1m[0mself[0m[0m                     = false
      [32m+[0m [0m[1m[0msource_security_group_id[0m[0m = (known after apply)
      [32m+[0m [0m[1m[0mto_port[0m[0m                  = 22
      [32m+[0m [0m[1m[0mtype[0m[0m                     = "ingress"
    }

[1m  # module.vpc.aws_db_subnet_group.database[0][0m will be created[0m[0m
[0m  [32m+[0m[0m resource "aws_db_subnet_group" "database" {
      [32m+[0m [0m[1m[0marn[0m[0m                     = (known after apply)
      [32m+[0m [0m[1m[0mdescription[0m[0m             = "Database subnet group for HR-stag-myvpc"
      [32m+[0m [0m[1m[0mid[0m[0m                      = (known after apply)
      [32m+[0m [0m[1m[0mname[0m[0m                    = "hr-stag-myvpc"
      [32m+[0m [0m[1m[0mname_prefix[0m[0m             = (known after apply)
      [32m+[0m [0m[1m[0msubnet_ids[0m[0m              = (known after apply)
      [32m+[0m [0m[1m[0msupported_network_types[0m[0m = (known after apply)
      [32m+[0m [0m[1m[0mtags[0m[0m                    = {
          [32m+[0m [0m"Name"        = "hr-stag-myvpc"
          [32m+[0m [0m"environment" = "stag"
          [32m+[0m [0m"owners"      = "HR"
        }
      [32m+[0m [0m[1m[0mtags_all[0m[0m                = {
          [32m+[0m [0m"Name"        = "hr-stag-myvpc"
          [32m+[0m [0m"environment" = "stag"
          [32m+[0m [0m"owners"      = "HR"
        }
    }

[1m  # module.vpc.aws_eip.nat[0][0m will be created[0m[0m
[0m  [32m+[0m[0m resource "aws_eip" "nat" {
      [32m+[0m [0m[1m[0mallocation_id[0m[0m        = (known after apply)
      [32m+[0m [0m[1m[0massociation_id[0m[0m       = (known after apply)
      [32m+[0m [0m[1m[0mcarrier_ip[0m[0m           = (known after apply)
      [32m+[0m [0m[1m[0mcustomer_owned_ip[0m[0m    = (known after apply)
      [32m+[0m [0m[1m[0mdomain[0m[0m               = (known after apply)
      [32m+[0m [0m[1m[0mid[0m[0m                   = (known after apply)
      [32m+[0m [0m[1m[0minstance[0m[0m             = (known after apply)
      [32m+[0m [0m[1m[0mnetwork_border_group[0m[0m = (known after apply)
      [32m+[0m [0m[1m[0mnetwork_interface[0m[0m    = (known after apply)
      [32m+[0m [0m[1m[0mprivate_dns[0m[0m          = (known after apply)
      [32m+[0m [0m[1m[0mprivate_ip[0m[0m           = (known after apply)
      [32m+[0m [0m[1m[0mpublic_dns[0m[0m           = (known after apply)
      [32m+[0m [0m[1m[0mpublic_ip[0m[0m            = (known after apply)
      [32m+[0m [0m[1m[0mpublic_ipv4_pool[0m[0m     = (known after apply)
      [32m+[0m [0m[1m[0mtags[0m[0m                 = {
          [32m+[0m [0m"Name"        = "HR-stag-myvpc-us-east-2a"
          [32m+[0m [0m"environment" = "stag"
          [32m+[0m [0m"owners"      = "HR"
        }
      [32m+[0m [0m[1m[0mtags_all[0m[0m             = {
          [32m+[0m [0m"Name"        = "HR-stag-myvpc-us-east-2a"
          [32m+[0m [0m"environment" = "stag"
          [32m+[0m [0m"owners"      = "HR"
        }
      [32m+[0m [0m[1m[0mvpc[0m[0m                  = true
    }

[1m  # module.vpc.aws_internet_gateway.this[0][0m will be created[0m[0m
[0m  [32m+[0m[0m resource "aws_internet_gateway" "this" {
      [32m+[0m [0m[1m[0marn[0m[0m      = (known after apply)
      [32m+[0m [0m[1m[0mid[0m[0m       = (known after apply)
      [32m+[0m [0m[1m[0mowner_id[0m[0m = (known after apply)
      [32m+[0m [0m[1m[0mtags[0m[0m     = {
          [32m+[0m [0m"Name"        = "HR-stag-myvpc"
          [32m+[0m [0m"environment" = "stag"
          [32m+[0m [0m"owners"      = "HR"
        }
      [32m+[0m [0m[1m[0mtags_all[0m[0m = {
          [32m+[0m [0m"Name"        = "HR-stag-myvpc"
          [32m+[0m [0m"environment" = "stag"
          [32m+[0m [0m"owners"      = "HR"
        }
      [32m+[0m [0m[1m[0mvpc_id[0m[0m   = (known after apply)
    }

[1m  # module.vpc.aws_nat_gateway.this[0][0m will be created[0m[0m
[0m  [32m+[0m[0m resource "aws_nat_gateway" "this" {
      [32m+[0m [0m[1m[0mallocation_id[0m[0m        = (known after apply)
      [32m+[0m [0m[1m[0mconnectivity_type[0m[0m    = "public"
      [32m+[0m [0m[1m[0mid[0m[0m                   = (known after apply)
      [32m+[0m [0m[1m[0mnetwork_interface_id[0m[0m = (known after apply)
      [32m+[0m [0m[1m[0mprivate_ip[0m[0m           = (known after apply)
      [32m+[0m [0m[1m[0mpublic_ip[0m[0m            = (known after apply)
      [32m+[0m [0m[1m[0msubnet_id[0m[0m            = (known after apply)
      [32m+[0m [0m[1m[0mtags[0m[0m                 = {
          [32m+[0m [0m"Name"        = "HR-stag-myvpc-us-east-2a"
          [32m+[0m [0m"environment" = "stag"
          [32m+[0m [0m"owners"      = "HR"
        }
      [32m+[0m [0m[1m[0mtags_all[0m[0m             = {
          [32m+[0m [0m"Name"        = "HR-stag-myvpc-us-east-2a"
          [32m+[0m [0m"environment" = "stag"
          [32m+[0m [0m"owners"      = "HR"
        }
    }

[1m  # module.vpc.aws_route.private_nat_gateway[0][0m will be created[0m[0m
[0m  [32m+[0m[0m resource "aws_route" "private_nat_gateway" {
      [32m+[0m [0m[1m[0mdestination_cidr_block[0m[0m = "0.0.0.0/0"
      [32m+[0m [0m[1m[0mid[0m[0m                     = (known after apply)
      [32m+[0m [0m[1m[0minstance_id[0m[0m            = (known after apply)
      [32m+[0m [0m[1m[0minstance_owner_id[0m[0m      = (known after apply)
      [32m+[0m [0m[1m[0mnat_gateway_id[0m[0m         = (known after apply)
      [32m+[0m [0m[1m[0mnetwork_interface_id[0m[0m   = (known after apply)
      [32m+[0m [0m[1m[0morigin[0m[0m                 = (known after apply)
      [32m+[0m [0m[1m[0mroute_table_id[0m[0m         = (known after apply)
      [32m+[0m [0m[1m[0mstate[0m[0m                  = (known after apply)

      [32m+[0m [0mtimeouts {
          [32m+[0m [0m[1m[0mcreate[0m[0m = "5m"
        }
    }

[1m  # module.vpc.aws_route.public_internet_gateway[0][0m will be created[0m[0m
[0m  [32m+[0m[0m resource "aws_route" "public_internet_gateway" {
      [32m+[0m [0m[1m[0mdestination_cidr_block[0m[0m = "0.0.0.0/0"
      [32m+[0m [0m[1m[0mgateway_id[0m[0m             = (known after apply)
      [32m+[0m [0m[1m[0mid[0m[0m                     = (known after apply)
      [32m+[0m [0m[1m[0minstance_id[0m[0m            = (known after apply)
      [32m+[0m [0m[1m[0minstance_owner_id[0m[0m      = (known after apply)
      [32m+[0m [0m[1m[0mnetwork_interface_id[0m[0m   = (known after apply)
      [32m+[0m [0m[1m[0morigin[0m[0m                 = (known after apply)
      [32m+[0m [0m[1m[0mroute_table_id[0m[0m         = (known after apply)
      [32m+[0m [0m[1m[0mstate[0m[0m                  = (known after apply)

      [32m+[0m [0mtimeouts {
          [32m+[0m [0m[1m[0mcreate[0m[0m = "5m"
        }
    }

[1m  # module.vpc.aws_route_table.database[0][0m will be created[0m[0m
[0m  [32m+[0m[0m resource "aws_route_table" "database" {
      [32m+[0m [0m[1m[0marn[0m[0m              = (known after apply)
      [32m+[0m [0m[1m[0mid[0m[0m               = (known after apply)
      [32m+[0m [0m[1m[0mowner_id[0m[0m         = (known after apply)
      [32m+[0m [0m[1m[0mpropagating_vgws[0m[0m = (known after apply)
      [32m+[0m [0m[1m[0mroute[0m[0m            = (known after apply)
      [32m+[0m [0m[1m[0mtags[0m[0m             = {
          [32m+[0m [0m"Name"        = "HR-stag-myvpc-db"
          [32m+[0m [0m"environment" = "stag"
          [32m+[0m [0m"owners"      = "HR"
        }
      [32m+[0m [0m[1m[0mtags_all[0m[0m         = {
          [32m+[0m [0m"Name"        = "HR-stag-myvpc-db"
          [32m+[0m [0m"environment" = "stag"
          [32m+[0m [0m"owners"      = "HR"
        }
      [32m+[0m [0m[1m[0mvpc_id[0m[0m           = (known after apply)
    }

[1m  # module.vpc.aws_route_table.private[0][0m will be created[0m[0m
[0m  [32m+[0m[0m resource "aws_route_table" "private" {
      [32m+[0m [0m[1m[0marn[0m[0m              = (known after apply)
      [32m+[0m [0m[1m[0mid[0m[0m               = (known after apply)
      [32m+[0m [0m[1m[0mowner_id[0m[0m         = (known after apply)
      [32m+[0m [0m[1m[0mpropagating_vgws[0m[0m = (known after apply)
      [32m+[0m [0m[1m[0mroute[0m[0m            = (known after apply)
      [32m+[0m [0m[1m[0mtags[0m[0m             = {
          [32m+[0m [0m"Name"        = "HR-stag-myvpc-private"
          [32m+[0m [0m"environment" = "stag"
          [32m+[0m [0m"owners"      = "HR"
        }
      [32m+[0m [0m[1m[0mtags_all[0m[0m         = {
          [32m+[0m [0m"Name"        = "HR-stag-myvpc-private"
          [32m+[0m [0m"environment" = "stag"
          [32m+[0m [0m"owners"      = "HR"
        }
      [32m+[0m [0m[1m[0mvpc_id[0m[0m           = (known after apply)
    }

[1m  # module.vpc.aws_route_table.public[0][0m will be created[0m[0m
[0m  [32m+[0m[0m resource "aws_route_table" "public" {
      [32m+[0m [0m[1m[0marn[0m[0m              = (known after apply)
      [32m+[0m [0m[1m[0mid[0m[0m               = (known after apply)
      [32m+[0m [0m[1m[0mowner_id[0m[0m         = (known after apply)
      [32m+[0m [0m[1m[0mpropagating_vgws[0m[0m = (known after apply)
      [32m+[0m [0m[1m[0mroute[0m[0m            = (known after apply)
      [32m+[0m [0m[1m[0mtags[0m[0m             = {
          [32m+[0m [0m"Name"        = "HR-stag-myvpc-public"
          [32m+[0m [0m"environment" = "stag"
          [32m+[0m [0m"owners"      = "HR"
        }
      [32m+[0m [0m[1m[0mtags_all[0m[0m         = {
          [32m+[0m [0m"Name"        = "HR-stag-myvpc-public"
          [32m+[0m [0m"environment" = "stag"
          [32m+[0m [0m"owners"      = "HR"
        }
      [32m+[0m [0m[1m[0mvpc_id[0m[0m           = (known after apply)
    }

[1m  # module.vpc.aws_route_table_association.database[0][0m will be created[0m[0m
[0m  [32m+[0m[0m resource "aws_route_table_association" "database" {
      [32m+[0m [0m[1m[0mid[0m[0m             = (known after apply)
      [32m+[0m [0m[1m[0mroute_table_id[0m[0m = (known after apply)
      [32m+[0m [0m[1m[0msubnet_id[0m[0m      = (known after apply)
    }

[1m  # module.vpc.aws_route_table_association.database[1][0m will be created[0m[0m
[0m  [32m+[0m[0m resource "aws_route_table_association" "database" {
      [32m+[0m [0m[1m[0mid[0m[0m             = (known after apply)
      [32m+[0m [0m[1m[0mroute_table_id[0m[0m = (known after apply)
      [32m+[0m [0m[1m[0msubnet_id[0m[0m      = (known after apply)
    }

[1m  # module.vpc.aws_route_table_association.private[0][0m will be created[0m[0m
[0m  [32m+[0m[0m resource "aws_route_table_association" "private" {
      [32m+[0m [0m[1m[0mid[0m[0m             = (known after apply)
      [32m+[0m [0m[1m[0mroute_table_id[0m[0m = (known after apply)
      [32m+[0m [0m[1m[0msubnet_id[0m[0m      = (known after apply)
    }

[1m  # module.vpc.aws_route_table_association.private[1][0m will be created[0m[0m
[0m  [32m+[0m[0m resource "aws_route_table_association" "private" {
      [32m+[0m [0m[1m[0mid[0m[0m             = (known after apply)
      [32m+[0m [0m[1m[0mroute_table_id[0m[0m = (known after apply)
      [32m+[0m [0m[1m[0msubnet_id[0m[0m      = (known after apply)
    }

[1m  # module.vpc.aws_route_table_association.public[0][0m will be created[0m[0m
[0m  [32m+[0m[0m resource "aws_route_table_association" "public" {
      [32m+[0m [0m[1m[0mid[0m[0m             = (known after apply)
      [32m+[0m [0m[1m[0mroute_table_id[0m[0m = (known after apply)
      [32m+[0m [0m[1m[0msubnet_id[0m[0m      = (known after apply)
    }

[1m  # module.vpc.aws_route_table_association.public[1][0m will be created[0m[0m
[0m  [32m+[0m[0m resource "aws_route_table_association" "public" {
      [32m+[0m [0m[1m[0mid[0m[0m             = (known after apply)
      [32m+[0m [0m[1m[0mroute_table_id[0m[0m = (known after apply)
      [32m+[0m [0m[1m[0msubnet_id[0m[0m      = (known after apply)
    }

[1m  # module.vpc.aws_subnet.database[0][0m will be created[0m[0m
[0m  [32m+[0m[0m resource "aws_subnet" "database" {
      [32m+[0m [0m[1m[0marn[0m[0m                                            = (known after apply)
      [32m+[0m [0m[1m[0massign_ipv6_address_on_creation[0m[0m                = false
      [32m+[0m [0m[1m[0mavailability_zone[0m[0m                              = "us-east-2a"
      [32m+[0m [0m[1m[0mavailability_zone_id[0m[0m                           = (known after apply)
      [32m+[0m [0m[1m[0mcidr_block[0m[0m                                     = "10.0.151.0/24"
      [32m+[0m [0m[1m[0menable_dns64[0m[0m                                   = false
      [32m+[0m [0m[1m[0menable_resource_name_dns_a_record_on_launch[0m[0m    = false
      [32m+[0m [0m[1m[0menable_resource_name_dns_aaaa_record_on_launch[0m[0m = false
      [32m+[0m [0m[1m[0mid[0m[0m                                             = (known after apply)
      [32m+[0m [0m[1m[0mipv6_cidr_block_association_id[0m[0m                 = (known after apply)
      [32m+[0m [0m[1m[0mipv6_native[0m[0m                                    = false
      [32m+[0m [0m[1m[0mmap_public_ip_on_launch[0m[0m                        = false
      [32m+[0m [0m[1m[0mowner_id[0m[0m                                       = (known after apply)
      [32m+[0m [0m[1m[0mprivate_dns_hostname_type_on_launch[0m[0m            = (known after apply)
      [32m+[0m [0m[1m[0mtags[0m[0m                                           = {
          [32m+[0m [0m"Name"        = "HR-stag-myvpc-db-us-east-2a"
          [32m+[0m [0m"Type"        = "Private Database Subnets"
          [32m+[0m [0m"environment" = "stag"
          [32m+[0m [0m"owners"      = "HR"
        }
      [32m+[0m [0m[1m[0mtags_all[0m[0m                                       = {
          [32m+[0m [0m"Name"        = "HR-stag-myvpc-db-us-east-2a"
          [32m+[0m [0m"Type"        = "Private Database Subnets"
          [32m+[0m [0m"environment" = "stag"
          [32m+[0m [0m"owners"      = "HR"
        }
      [32m+[0m [0m[1m[0mvpc_id[0m[0m                                         = (known after apply)
    }

[1m  # module.vpc.aws_subnet.database[1][0m will be created[0m[0m
[0m  [32m+[0m[0m resource "aws_subnet" "database" {
      [32m+[0m [0m[1m[0marn[0m[0m                                            = (known after apply)
      [32m+[0m [0m[1m[0massign_ipv6_address_on_creation[0m[0m                = false
      [32m+[0m [0m[1m[0mavailability_zone[0m[0m                              = "us-east-2b"
      [32m+[0m [0m[1m[0mavailability_zone_id[0m[0m                           = (known after apply)
      [32m+[0m [0m[1m[0mcidr_block[0m[0m                                     = "10.0.152.0/24"
      [32m+[0m [0m[1m[0menable_dns64[0m[0m                                   = false
      [32m+[0m [0m[1m[0menable_resource_name_dns_a_record_on_launch[0m[0m    = false
      [32m+[0m [0m[1m[0menable_resource_name_dns_aaaa_record_on_launch[0m[0m = false
      [32m+[0m [0m[1m[0mid[0m[0m                                             = (known after apply)
      [32m+[0m [0m[1m[0mipv6_cidr_block_association_id[0m[0m                 = (known after apply)
      [32m+[0m [0m[1m[0mipv6_native[0m[0m                                    = false
      [32m+[0m [0m[1m[0mmap_public_ip_on_launch[0m[0m                        = false
      [32m+[0m [0m[1m[0mowner_id[0m[0m                                       = (known after apply)
      [32m+[0m [0m[1m[0mprivate_dns_hostname_type_on_launch[0m[0m            = (known after apply)
      [32m+[0m [0m[1m[0mtags[0m[0m                                           = {
          [32m+[0m [0m"Name"        = "HR-stag-myvpc-db-us-east-2b"
          [32m+[0m [0m"Type"        = "Private Database Subnets"
          [32m+[0m [0m"environment" = "stag"
          [32m+[0m [0m"owners"      = "HR"
        }
      [32m+[0m [0m[1m[0mtags_all[0m[0m                                       = {
          [32m+[0m [0m"Name"        = "HR-stag-myvpc-db-us-east-2b"
          [32m+[0m [0m"Type"        = "Private Database Subnets"
          [32m+[0m [0m"environment" = "stag"
          [32m+[0m [0m"owners"      = "HR"
        }
      [32m+[0m [0m[1m[0mvpc_id[0m[0m                                         = (known after apply)
    }

[1m  # module.vpc.aws_subnet.private[0][0m will be created[0m[0m
[0m  [32m+[0m[0m resource "aws_subnet" "private" {
      [32m+[0m [0m[1m[0marn[0m[0m                                            = (known after apply)
      [32m+[0m [0m[1m[0massign_ipv6_address_on_creation[0m[0m                = false
      [32m+[0m [0m[1m[0mavailability_zone[0m[0m                              = "us-east-2a"
      [32m+[0m [0m[1m[0mavailability_zone_id[0m[0m                           = (known after apply)
      [32m+[0m [0m[1m[0mcidr_block[0m[0m                                     = "10.0.1.0/24"
      [32m+[0m [0m[1m[0menable_dns64[0m[0m                                   = false
      [32m+[0m [0m[1m[0menable_resource_name_dns_a_record_on_launch[0m[0m    = false
      [32m+[0m [0m[1m[0menable_resource_name_dns_aaaa_record_on_launch[0m[0m = false
      [32m+[0m [0m[1m[0mid[0m[0m                                             = (known after apply)
      [32m+[0m [0m[1m[0mipv6_cidr_block_association_id[0m[0m                 = (known after apply)
      [32m+[0m [0m[1m[0mipv6_native[0m[0m                                    = false
      [32m+[0m [0m[1m[0mmap_public_ip_on_launch[0m[0m                        = false
      [32m+[0m [0m[1m[0mowner_id[0m[0m                                       = (known after apply)
      [32m+[0m [0m[1m[0mprivate_dns_hostname_type_on_launch[0m[0m            = (known after apply)
      [32m+[0m [0m[1m[0mtags[0m[0m                                           = {
          [32m+[0m [0m"Name"        = "HR-stag-myvpc-private-us-east-2a"
          [32m+[0m [0m"Type"        = "Private Subnets"
          [32m+[0m [0m"environment" = "stag"
          [32m+[0m [0m"owners"      = "HR"
        }
      [32m+[0m [0m[1m[0mtags_all[0m[0m                                       = {
          [32m+[0m [0m"Name"        = "HR-stag-myvpc-private-us-east-2a"
          [32m+[0m [0m"Type"        = "Private Subnets"
          [32m+[0m [0m"environment" = "stag"
          [32m+[0m [0m"owners"      = "HR"
        }
      [32m+[0m [0m[1m[0mvpc_id[0m[0m                                         = (known after apply)
    }

[1m  # module.vpc.aws_subnet.private[1][0m will be created[0m[0m
[0m  [32m+[0m[0m resource "aws_subnet" "private" {
      [32m+[0m [0m[1m[0marn[0m[0m                                            = (known after apply)
      [32m+[0m [0m[1m[0massign_ipv6_address_on_creation[0m[0m                = false
      [32m+[0m [0m[1m[0mavailability_zone[0m[0m                              = "us-east-2b"
      [32m+[0m [0m[1m[0mavailability_zone_id[0m[0m                           = (known after apply)
      [32m+[0m [0m[1m[0mcidr_block[0m[0m                                     = "10.0.2.0/24"
      [32m+[0m [0m[1m[0menable_dns64[0m[0m                                   = false
      [32m+[0m [0m[1m[0menable_resource_name_dns_a_record_on_launch[0m[0m    = false
      [32m+[0m [0m[1m[0menable_resource_name_dns_aaaa_record_on_launch[0m[0m = false
      [32m+[0m [0m[1m[0mid[0m[0m                                             = (known after apply)
      [32m+[0m [0m[1m[0mipv6_cidr_block_association_id[0m[0m                 = (known after apply)
      [32m+[0m [0m[1m[0mipv6_native[0m[0m                                    = false
      [32m+[0m [0m[1m[0mmap_public_ip_on_launch[0m[0m                        = false
      [32m+[0m [0m[1m[0mowner_id[0m[0m                                       = (known after apply)
      [32m+[0m [0m[1m[0mprivate_dns_hostname_type_on_launch[0m[0m            = (known after apply)
      [32m+[0m [0m[1m[0mtags[0m[0m                                           = {
          [32m+[0m [0m"Name"        = "HR-stag-myvpc-private-us-east-2b"
          [32m+[0m [0m"Type"        = "Private Subnets"
          [32m+[0m [0m"environment" = "stag"
          [32m+[0m [0m"owners"      = "HR"
        }
      [32m+[0m [0m[1m[0mtags_all[0m[0m                                       = {
          [32m+[0m [0m"Name"        = "HR-stag-myvpc-private-us-east-2b"
          [32m+[0m [0m"Type"        = "Private Subnets"
          [32m+[0m [0m"environment" = "stag"
          [32m+[0m [0m"owners"      = "HR"
        }
      [32m+[0m [0m[1m[0mvpc_id[0m[0m                                         = (known after apply)
    }

[1m  # module.vpc.aws_subnet.public[0][0m will be created[0m[0m
[0m  [32m+[0m[0m resource "aws_subnet" "public" {
      [32m+[0m [0m[1m[0marn[0m[0m                                            = (known after apply)
      [32m+[0m [0m[1m[0massign_ipv6_address_on_creation[0m[0m                = false
      [32m+[0m [0m[1m[0mavailability_zone[0m[0m                              = "us-east-2a"
      [32m+[0m [0m[1m[0mavailability_zone_id[0m[0m                           = (known after apply)
      [32m+[0m [0m[1m[0mcidr_block[0m[0m                                     = "10.0.101.0/24"
      [32m+[0m [0m[1m[0menable_dns64[0m[0m                                   = false
      [32m+[0m [0m[1m[0menable_resource_name_dns_a_record_on_launch[0m[0m    = false
      [32m+[0m [0m[1m[0menable_resource_name_dns_aaaa_record_on_launch[0m[0m = false
      [32m+[0m [0m[1m[0mid[0m[0m                                             = (known after apply)
      [32m+[0m [0m[1m[0mipv6_cidr_block_association_id[0m[0m                 = (known after apply)
      [32m+[0m [0m[1m[0mipv6_native[0m[0m                                    = false
      [32m+[0m [0m[1m[0mmap_public_ip_on_launch[0m[0m                        = true
      [32m+[0m [0m[1m[0mowner_id[0m[0m                                       = (known after apply)
      [32m+[0m [0m[1m[0mprivate_dns_hostname_type_on_launch[0m[0m            = (known after apply)
      [32m+[0m [0m[1m[0mtags[0m[0m                                           = {
          [32m+[0m [0m"Name"        = "HR-stag-myvpc-public-us-east-2a"
          [32m+[0m [0m"Type"        = "Public Subnets"
          [32m+[0m [0m"environment" = "stag"
          [32m+[0m [0m"owners"      = "HR"
        }
      [32m+[0m [0m[1m[0mtags_all[0m[0m                                       = {
          [32m+[0m [0m"Name"        = "HR-stag-myvpc-public-us-east-2a"
          [32m+[0m [0m"Type"        = "Public Subnets"
          [32m+[0m [0m"environment" = "stag"
          [32m+[0m [0m"owners"      = "HR"
        }
      [32m+[0m [0m[1m[0mvpc_id[0m[0m                                         = (known after apply)
    }

[1m  # module.vpc.aws_subnet.public[1][0m will be created[0m[0m
[0m  [32m+[0m[0m resource "aws_subnet" "public" {
      [32m+[0m [0m[1m[0marn[0m[0m                                            = (known after apply)
      [32m+[0m [0m[1m[0massign_ipv6_address_on_creation[0m[0m                = false
      [32m+[0m [0m[1m[0mavailability_zone[0m[0m                              = "us-east-2b"
      [32m+[0m [0m[1m[0mavailability_zone_id[0m[0m                           = (known after apply)
      [32m+[0m [0m[1m[0mcidr_block[0m[0m                                     = "10.0.102.0/24"
      [32m+[0m [0m[1m[0menable_dns64[0m[0m                                   = false
      [32m+[0m [0m[1m[0menable_resource_name_dns_a_record_on_launch[0m[0m    = false
      [32m+[0m [0m[1m[0menable_resource_name_dns_aaaa_record_on_launch[0m[0m = false
      [32m+[0m [0m[1m[0mid[0m[0m                                             = (known after apply)
      [32m+[0m [0m[1m[0mipv6_cidr_block_association_id[0m[0m                 = (known after apply)
      [32m+[0m [0m[1m[0mipv6_native[0m[0m                                    = false
      [32m+[0m [0m[1m[0mmap_public_ip_on_launch[0m[0m                        = true
      [32m+[0m [0m[1m[0mowner_id[0m[0m                                       = (known after apply)
      [32m+[0m [0m[1m[0mprivate_dns_hostname_type_on_launch[0m[0m            = (known after apply)
      [32m+[0m [0m[1m[0mtags[0m[0m                                           = {
          [32m+[0m [0m"Name"        = "HR-stag-myvpc-public-us-east-2b"
          [32m+[0m [0m"Type"        = "Public Subnets"
          [32m+[0m [0m"environment" = "stag"
          [32m+[0m [0m"owners"      = "HR"
        }
      [32m+[0m [0m[1m[0mtags_all[0m[0m                                       = {
          [32m+[0m [0m"Name"        = "HR-stag-myvpc-public-us-east-2b"
          [32m+[0m [0m"Type"        = "Public Subnets"
          [32m+[0m [0m"environment" = "stag"
          [32m+[0m [0m"owners"      = "HR"
        }
      [32m+[0m [0m[1m[0mvpc_id[0m[0m                                         = (known after apply)
    }

[1m  # module.vpc.aws_vpc.this[0][0m will be created[0m[0m
[0m  [32m+[0m[0m resource "aws_vpc" "this" {
      [32m+[0m [0m[1m[0marn[0m[0m                                  = (known after apply)
      [32m+[0m [0m[1m[0mcidr_block[0m[0m                           = "10.0.0.0/16"
      [32m+[0m [0m[1m[0mdefault_network_acl_id[0m[0m               = (known after apply)
      [32m+[0m [0m[1m[0mdefault_route_table_id[0m[0m               = (known after apply)
      [32m+[0m [0m[1m[0mdefault_security_group_id[0m[0m            = (known after apply)
      [32m+[0m [0m[1m[0mdhcp_options_id[0m[0m                      = (known after apply)
      [32m+[0m [0m[1m[0menable_classiclink[0m[0m                   = (known after apply)
      [32m+[0m [0m[1m[0menable_classiclink_dns_support[0m[0m       = (known after apply)
      [32m+[0m [0m[1m[0menable_dns_hostnames[0m[0m                 = true
      [32m+[0m [0m[1m[0menable_dns_support[0m[0m                   = true
      [32m+[0m [0m[1m[0menable_network_address_usage_metrics[0m[0m = (known after apply)
      [32m+[0m [0m[1m[0mid[0m[0m                                   = (known after apply)
      [32m+[0m [0m[1m[0minstance_tenancy[0m[0m                     = "default"
      [32m+[0m [0m[1m[0mipv6_association_id[0m[0m                  = (known after apply)
      [32m+[0m [0m[1m[0mipv6_cidr_block[0m[0m                      = (known after apply)
      [32m+[0m [0m[1m[0mipv6_cidr_block_network_border_group[0m[0m = (known after apply)
      [32m+[0m [0m[1m[0mmain_route_table_id[0m[0m                  = (known after apply)
      [32m+[0m [0m[1m[0mowner_id[0m[0m                             = (known after apply)
      [32m+[0m [0m[1m[0mtags[0m[0m                                 = {
          [32m+[0m [0m"Name"        = "HR-stag-myvpc"
          [32m+[0m [0m"environment" = "stag"
          [32m+[0m [0m"owners"      = "HR"
        }
      [32m+[0m [0m[1m[0mtags_all[0m[0m                             = {
          [32m+[0m [0m"Name"        = "HR-stag-myvpc"
          [32m+[0m [0m"environment" = "stag"
          [32m+[0m [0m"owners"      = "HR"
        }
    }

[0m[1mPlan:[0m 58 to add, 0 to change, 0 to destroy.
[0m[0m
[1mChanges to Outputs:[0m[0m
  [32m+[0m [0m[1m[0macm_certificate_arn[0m[0m             = (known after apply)
  [32m+[0m [0m[1m[0mapp1_ec2_private_instance_ids[0m[0m   = [
      [32m+[0m [0m(known after apply),
      [32m+[0m [0m(known after apply),
    ]
  [32m+[0m [0m[1m[0mapp1_ec2_private_ip[0m[0m             = [
      [32m+[0m [0m(known after apply),
      [32m+[0m [0m(known after apply),
    ]
  [32m+[0m [0m[1m[0mapp2_ec2_private_instance_ids[0m[0m   = [
      [32m+[0m [0m(known after apply),
      [32m+[0m [0m(known after apply),
    ]
  [32m+[0m [0m[1m[0mapp2_ec2_private_ip[0m[0m             = [
      [32m+[0m [0m(known after apply),
      [32m+[0m [0m(known after apply),
    ]
  [32m+[0m [0m[1m[0mazs[0m[0m                             = [
      [32m+[0m [0m"us-east-2a",
      [32m+[0m [0m"us-east-2b",
    ]
  [32m+[0m [0m[1m[0mec2_bastion_public_instance_ids[0m[0m = [
      [32m+[0m [0m(known after apply),
    ]
  [32m+[0m [0m[1m[0mec2_bastion_public_ip[0m[0m           = [
      [32m+[0m [0m(known after apply),
    ]
  [32m+[0m [0m[1m[0mhttp_tcp_listener_arns[0m[0m          = [
      [32m+[0m [0m(known after apply),
    ]
  [32m+[0m [0m[1m[0mhttp_tcp_listener_ids[0m[0m           = [
      [32m+[0m [0m(known after apply),
    ]
  [32m+[0m [0m[1m[0mhttps_listener_arns[0m[0m             = [
      [32m+[0m [0m(known after apply),
    ]
  [32m+[0m [0m[1m[0mhttps_listener_ids[0m[0m              = [
      [32m+[0m [0m(known after apply),
    ]
  [32m+[0m [0m[1m[0mmydomain_zoneid[0m[0m                 = "Z073651441IJIESKK9V3"
  [32m+[0m [0m[1m[0mnat_public_ips[0m[0m                  = [
      [32m+[0m [0m(known after apply),
    ]
  [32m+[0m [0m[1m[0mprivate_sg_group_id[0m[0m             = (known after apply)
  [32m+[0m [0m[1m[0mprivate_sg_group_name[0m[0m           = (known after apply)
  [32m+[0m [0m[1m[0mprivate_sg_group_vpc_id[0m[0m         = (known after apply)
  [32m+[0m [0m[1m[0mprivate_subnets[0m[0m                 = [
      [32m+[0m [0m(known after apply),
      [32m+[0m [0m(known after apply),
    ]
  [32m+[0m [0m[1m[0mpublic_bastion_sg_group_id[0m[0m      = (known after apply)
  [32m+[0m [0m[1m[0mpublic_bastion_sg_group_name[0m[0m    = (known after apply)
  [32m+[0m [0m[1m[0mpublic_bastion_sg_group_vpc_id[0m[0m  = (known after apply)
  [32m+[0m [0m[1m[0mpublic_subnets[0m[0m                  = [
      [32m+[0m [0m(known after apply),
      [32m+[0m [0m(known after apply),
    ]
  [32m+[0m [0m[1m[0mtarget_group_arn_suffixes[0m[0m       = [
      [32m+[0m [0m(known after apply),
      [32m+[0m [0m(known after apply),
    ]
  [32m+[0m [0m[1m[0mtarget_group_arns[0m[0m               = [
      [32m+[0m [0m(known after apply),
      [32m+[0m [0m(known after apply),
    ]
  [32m+[0m [0m[1m[0mtarget_group_attachments[0m[0m        = {
      [32m+[0m [0m0.my_app1_vm1 = (known after apply)
      [32m+[0m [0m0.my_app1_vm2 = (known after apply)
      [32m+[0m [0m1.my_app2_vm1 = (known after apply)
      [32m+[0m [0m1.my_app2_vm2 = (known after apply)
    }
  [32m+[0m [0m[1m[0mtarget_group_names[0m[0m              = [
      [32m+[0m [0m(known after apply),
      [32m+[0m [0m(known after apply),
    ]
  [32m+[0m [0m[1m[0mthis_lb_arn[0m[0m                     = (known after apply)
  [32m+[0m [0m[1m[0mthis_lb_arn_suffix[0m[0m              = (known after apply)
  [32m+[0m [0m[1m[0mthis_lb_dns_name[0m[0m                = (known after apply)
  [32m+[0m [0m[1m[0mthis_lb_id[0m[0m                      = (known after apply)
  [32m+[0m [0m[1m[0mthis_lb_zone_id[0m[0m                 = (known after apply)
  [32m+[0m [0m[1m[0mvpc_cidr_block[0m[0m                  = "10.0.0.0/16"
  [32m+[0m [0m[1m[0mvpc_id[0m[0m                          = (known after apply)
[0m[1mmodule.vpc.aws_eip.nat[0]: Creating...[0m[0m
[0m[1mmodule.vpc.aws_vpc.this[0]: Creating...[0m[0m
[0m[1mmodule.acm.aws_acm_certificate.this[0]: Creating...[0m[0m
[0m[1mmodule.vpc.aws_eip.nat[0]: Creation complete after 0s [id=eipalloc-030dc2d127a72e779][0m
[0m[1mmodule.acm.aws_acm_certificate.this[0]: Creation complete after 9s [id=arn:aws:acm:us-east-2:802607305497:certificate/376f0c79-27ab-41ec-b35e-f76454f5d45e][0m
[0m[1mmodule.acm.aws_route53_record.validation[0]: Creating...[0m[0m
[0m[1mmodule.vpc.aws_vpc.this[0]: Still creating... [10s elapsed][0m[0m
[0m[1mmodule.vpc.aws_vpc.this[0]: Creation complete after 13s [id=vpc-02b558bab0f8cb015][0m
[0m[1mmodule.vpc.aws_subnet.private[1]: Creating...[0m[0m
[0m[1mmodule.vpc.aws_route_table.private[0]: Creating...[0m[0m
[0m[1mmodule.vpc.aws_subnet.private[0]: Creating...[0m[0m
[0m[1mmodule.vpc.aws_internet_gateway.this[0]: Creating...[0m[0m
[0m[1mmodule.vpc.aws_subnet.database[1]: Creating...[0m[0m
[0m[1mmodule.vpc.aws_subnet.database[0]: Creating...[0m[0m
[0m[1mmodule.vpc.aws_subnet.public[0]: Creating...[0m[0m
[0m[1mmodule.vpc.aws_route_table.database[0]: Creating...[0m[0m
[0m[1mmodule.vpc.aws_subnet.public[1]: Creating...[0m[0m
[0m[1mmodule.vpc.aws_subnet.private[1]: Creation complete after 1s [id=subnet-09c08ffa251563a72][0m
[0m[1mmodule.vpc.aws_route_table.public[0]: Creating...[0m[0m
[0m[1mmodule.vpc.aws_route_table.database[0]: Creation complete after 1s [id=rtb-00a12ee9738839a45][0m
[0m[1mmodule.vpc.aws_internet_gateway.this[0]: Creation complete after 1s [id=igw-05fc5f5e49fec8b0f][0m
[0m[1mmodule.loadbalancer_sg.aws_security_group.this_name_prefix[0]: Creating...[0m[0m
[0m[1mmodule.public_bastion_sg.aws_security_group.this_name_prefix[0]: Creating...[0m[0m
[0m[1mmodule.vpc.aws_subnet.private[0]: Creation complete after 1s [id=subnet-082d2cd5913c5d030][0m
[0m[1mmodule.vpc.aws_subnet.database[1]: Creation complete after 1s [id=subnet-02c51bf728307e084][0m
[0m[1mmodule.private_sg.aws_security_group.this_name_prefix[0]: Creating...[0m[0m
[0m[1mmodule.vpc.aws_subnet.database[0]: Creation complete after 1s [id=subnet-0abeca755abfa301f][0m
[0m[1mmodule.vpc.aws_db_subnet_group.database[0]: Creating...[0m[0m
[0m[1mmodule.vpc.aws_route_table.private[0]: Creation complete after 1s [id=rtb-0f6b2c7c0021fc4d6][0m
[0m[1mmodule.vpc.aws_route_table_association.private[0]: Creating...[0m[0m
[0m[1mmodule.vpc.aws_route_table_association.database[1]: Creating...[0m[0m
[0m[1mmodule.vpc.aws_route_table.public[0]: Creation complete after 0s [id=rtb-00e862b22ea77ebc4][0m
[0m[1mmodule.vpc.aws_route_table_association.private[1]: Creating...[0m[0m
[0m[1mmodule.vpc.aws_route_table_association.database[1]: Creation complete after 1s [id=rtbassoc-0362d4715ba02b655][0m
[0m[1mmodule.vpc.aws_route_table_association.private[0]: Creation complete after 1s [id=rtbassoc-0727e0e5301527858][0m
[0m[1mmodule.vpc.aws_route_table_association.database[0]: Creating...[0m[0m
[0m[1mmodule.vpc.aws_route.public_internet_gateway[0]: Creating...[0m[0m
[0m[1mmodule.vpc.aws_route_table_association.private[1]: Creation complete after 1s [id=rtbassoc-0849e541fd2162177][0m
[0m[1mmodule.vpc.aws_route_table_association.database[0]: Creation complete after 0s [id=rtbassoc-095ff35ba3d22cf8d][0m
[0m[1mmodule.vpc.aws_db_subnet_group.database[0]: Creation complete after 1s [id=hr-stag-myvpc][0m
[0m[1mmodule.vpc.aws_route.public_internet_gateway[0]: Creation complete after 0s [id=r-rtb-00e862b22ea77ebc41080289494][0m
[0m[1mmodule.private_sg.aws_security_group.this_name_prefix[0]: Creation complete after 2s [id=sg-089f3b593b05b6514][0m
[0m[1mmodule.loadbalancer_sg.aws_security_group.this_name_prefix[0]: Creation complete after 2s [id=sg-09fa748c07634dcfd][0m
[0m[1mmodule.public_bastion_sg.aws_security_group.this_name_prefix[0]: Creation complete after 2s [id=sg-091b2227e820b25ce][0m
[0m[1mmodule.private_sg.aws_security_group_rule.ingress_rules[1]: Creating...[0m[0m
[0m[1mmodule.private_sg.aws_security_group_rule.egress_rules[0]: Creating...[0m[0m
[0m[1mmodule.private_sg.aws_security_group_rule.ingress_rules[0]: Creating...[0m[0m
[0m[1mmodule.loadbalancer_sg.aws_security_group_rule.ingress_with_cidr_blocks[0]: Creating...[0m[0m
[0m[1mmodule.loadbalancer_sg.aws_security_group_rule.ingress_rules[0]: Creating...[0m[0m
[0m[1mmodule.public_bastion_sg.aws_security_group_rule.egress_rules[0]: Creating...[0m[0m
[0m[1mmodule.loadbalancer_sg.aws_security_group_rule.egress_rules[0]: Creating...[0m[0m
[0m[1mmodule.private_sg.aws_security_group_rule.egress_rules[0]: Creation complete after 1s [id=sgrule-1635728399][0m
[0m[1mmodule.loadbalancer_sg.aws_security_group_rule.ingress_with_cidr_blocks[0]: Creation complete after 1s [id=sgrule-3882436055][0m
[0m[1mmodule.public_bastion_sg.aws_security_group_rule.egress_rules[0]: Creation complete after 1s [id=sgrule-1762969990][0m
[0m[1mmodule.loadbalancer_sg.aws_security_group_rule.ingress_rules[1]: Creating...[0m[0m
[0m[1mmodule.public_bastion_sg.aws_security_group_rule.ingress_rules[0]: Creating...[0m[0m
[0m[1mmodule.private_sg.aws_security_group_rule.ingress_rules[1]: Creation complete after 1s [id=sgrule-2871320237][0m
[0m[1mmodule.public_bastion_sg.aws_security_group_rule.ingress_rules[0]: Creation complete after 0s [id=sgrule-804064763][0m
[0m[1mmodule.loadbalancer_sg.aws_security_group_rule.ingress_rules[0]: Creation complete after 1s [id=sgrule-146815921][0m
[0m[1mmodule.private_sg.aws_security_group_rule.ingress_rules[0]: Creation complete after 2s [id=sgrule-659300243][0m
[0m[1mmodule.loadbalancer_sg.aws_security_group_rule.egress_rules[0]: Creation complete after 2s [id=sgrule-1411650889][0m
[0m[1mmodule.loadbalancer_sg.aws_security_group_rule.ingress_rules[1]: Creation complete after 2s [id=sgrule-3941997807][0m
[0m[1mmodule.acm.aws_route53_record.validation[0]: Still creating... [10s elapsed][0m[0m
[0m[1mmodule.vpc.aws_subnet.public[0]: Still creating... [10s elapsed][0m[0m
[0m[1mmodule.vpc.aws_subnet.public[1]: Still creating... [10s elapsed][0m[0m
[0m[1mmodule.vpc.aws_subnet.public[0]: Creation complete after 11s [id=subnet-0a36712a13b6a5d65][0m
[0m[1mmodule.vpc.aws_subnet.public[1]: Creation complete after 11s [id=subnet-0385602303bb1fe59][0m
[0m[1mmodule.vpc.aws_route_table_association.public[0]: Creating...[0m[0m
[0m[1mmodule.vpc.aws_nat_gateway.this[0]: Creating...[0m[0m
[0m[1mmodule.vpc.aws_route_table_association.public[1]: Creating...[0m[0m
[0m[1mmodule.ec2_public.aws_instance.this[0]: Creating...[0m[0m
[0m[1mmodule.alb.aws_lb.this[0]: Creating...[0m[0m
[0m[1mmodule.vpc.aws_route_table_association.public[0]: Creation complete after 1s [id=rtbassoc-027a3161fbdc75007][0m
[0m[1mmodule.vpc.aws_route_table_association.public[1]: Creation complete after 1s [id=rtbassoc-0bc0dc2c61c89329f][0m
[0m[1mmodule.acm.aws_route53_record.validation[0]: Still creating... [20s elapsed][0m[0m
[0m[1mmodule.alb.aws_lb.this[0]: Still creating... [10s elapsed][0m[0m
[0m[1mmodule.ec2_public.aws_instance.this[0]: Still creating... [10s elapsed][0m[0m
[0m[1mmodule.vpc.aws_nat_gateway.this[0]: Still creating... [10s elapsed][0m[0m
[0m[1mmodule.acm.aws_route53_record.validation[0]: Still creating... [30s elapsed][0m[0m
[0m[1mmodule.alb.aws_lb.this[0]: Still creating... [20s elapsed][0m[0m
[0m[1mmodule.vpc.aws_nat_gateway.this[0]: Still creating... [20s elapsed][0m[0m
[0m[1mmodule.ec2_public.aws_instance.this[0]: Still creating... [20s elapsed][0m[0m
[0m[1mmodule.ec2_public.aws_instance.this[0]: Creation complete after 23s [id=i-03b86e32238b7832b][0m
[0m[1mmodule.acm.aws_route53_record.validation[0]: Still creating... [40s elapsed][0m[0m
[0m[1mmodule.acm.aws_route53_record.validation[0]: Creation complete after 41s [id=Z073651441IJIESKK9V3__1b30fd1f233d09172409a0b388b52d21.jameso.tech._CNAME][0m
[0m[1mmodule.acm.aws_acm_certificate_validation.this[0]: Creating...[0m[0m
[0m[1mmodule.acm.aws_acm_certificate_validation.this[0]: Creation complete after 1s [id=2022-10-30 20:04:32.699 +0000 UTC][0m
[0m[1mmodule.alb.aws_lb.this[0]: Still creating... [30s elapsed][0m[0m
[0m[1mmodule.vpc.aws_nat_gateway.this[0]: Still creating... [30s elapsed][0m[0m
[0m[1mmodule.alb.aws_lb.this[0]: Still creating... [40s elapsed][0m[0m
[0m[1mmodule.vpc.aws_nat_gateway.this[0]: Still creating... [40s elapsed][0m[0m
[0m[1mmodule.vpc.aws_nat_gateway.this[0]: Still creating... [50s elapsed][0m[0m
[0m[1mmodule.alb.aws_lb.this[0]: Still creating... [50s elapsed][0m[0m
[0m[1mmodule.vpc.aws_nat_gateway.this[0]: Still creating... [1m0s elapsed][0m[0m
[0m[1mmodule.alb.aws_lb.this[0]: Still creating... [1m0s elapsed][0m[0m
[0m[1mmodule.vpc.aws_nat_gateway.this[0]: Still creating... [1m10s elapsed][0m[0m
[0m[1mmodule.alb.aws_lb.this[0]: Still creating... [1m10s elapsed][0m[0m
[0m[1mmodule.vpc.aws_nat_gateway.this[0]: Still creating... [1m20s elapsed][0m[0m
[0m[1mmodule.alb.aws_lb.this[0]: Still creating... [1m20s elapsed][0m[0m
[0m[1mmodule.alb.aws_lb.this[0]: Still creating... [1m30s elapsed][0m[0m
[0m[1mmodule.vpc.aws_nat_gateway.this[0]: Still creating... [1m30s elapsed][0m[0m
[0m[1mmodule.vpc.aws_nat_gateway.this[0]: Still creating... [1m40s elapsed][0m[0m
[0m[1mmodule.alb.aws_lb.this[0]: Still creating... [1m40s elapsed][0m[0m
[0m[1mmodule.vpc.aws_nat_gateway.this[0]: Creation complete after 1m46s [id=nat-0156489f4651e1ea2][0m
[0m[1mmodule.vpc.aws_route.private_nat_gateway[0]: Creating...[0m[0m
[0m[1mmodule.vpc.aws_route.private_nat_gateway[0]: Creation complete after 1s [id=r-rtb-0f6b2c7c0021fc4d61080289494][0m
[0m[1maws_eip.bastion_eip: Creating...[0m[0m
[0m[1mmodule.ec2_private_app1.aws_instance.this[0]: Creating...[0m[0m
[0m[1mmodule.ec2_private_app2.aws_instance.this[1]: Creating...[0m[0m
[0m[1mmodule.ec2_private_app1.aws_instance.this[1]: Creating...[0m[0m
[0m[1mmodule.ec2_private_app2.aws_instance.this[0]: Creating...[0m[0m
[0m[1maws_eip.bastion_eip: Creation complete after 2s [id=eipalloc-064f93b0c49a24299][0m
[0m[1mnull_resource.name: Creating...[0m[0m
[0m[1mnull_resource.name: Provisioning with 'file'...[0m[0m
[0m[1mmodule.alb.aws_lb.this[0]: Still creating... [1m50s elapsed][0m[0m
[0m[1mnull_resource.name: Provisioning with 'remote-exec'...[0m[0m
[0m[1mnull_resource.name (remote-exec):[0m [0mConnecting to remote host via SSH...
[0m[1mnull_resource.name (remote-exec):[0m [0m  Host: 3.13.166.38
[0m[1mnull_resource.name (remote-exec):[0m [0m  User: ec2-user
[0m[1mnull_resource.name (remote-exec):[0m [0m  Password: false
[0m[1mnull_resource.name (remote-exec):[0m [0m  Private key: true
[0m[1mnull_resource.name (remote-exec):[0m [0m  Certificate: false
[0m[1mnull_resource.name (remote-exec):[0m [0m  SSH Agent: false
[0m[1mnull_resource.name (remote-exec):[0m [0m  Checking Host Key: false
[0m[1mnull_resource.name (remote-exec):[0m [0m  Target Platform: unix
[0m[1mnull_resource.name (remote-exec):[0m [0mConnected!
[0m[1mnull_resource.name: Provisioning with 'local-exec'...[0m[0m
[0m[1mnull_resource.name (local-exec):[0m [0mExecuting: ["cmd" "/C" "echo VPC created on `date` and VPC ID: vpc-02b558bab0f8cb015 >> creation-time-vpc-id.txt"]
[0m[1mnull_resource.name: Creation complete after 6s [id=5577006791947779410][0m
[0m[1mmodule.ec2_private_app2.aws_instance.this[1]: Still creating... [10s elapsed][0m[0m
[0m[1mmodule.ec2_private_app1.aws_instance.this[0]: Still creating... [10s elapsed][0m[0m
[0m[1mmodule.ec2_private_app1.aws_instance.this[1]: Still creating... [10s elapsed][0m[0m
[0m[1mmodule.ec2_private_app2.aws_instance.this[0]: Still creating... [10s elapsed][0m[0m
[0m[1mmodule.alb.aws_lb.this[0]: Still creating... [2m0s elapsed][0m[0m
[0m[1mmodule.alb.aws_lb.this[0]: Creation complete after 2m3s [id=arn:aws:elasticloadbalancing:us-east-2:802607305497:loadbalancer/app/HR-stag-alb/812a240ca0f752f0][0m
[0m[1maws_route53_record.default_dns: Creating...[0m[0m
[0m[1maws_route53_record.app2_dns: Creating...[0m[0m
[0m[1maws_route53_record.app1_dns: Creating...[0m[0m
[0m[1mmodule.ec2_private_app1.aws_instance.this[1]: Still creating... [20s elapsed][0m[0m
[0m[1mmodule.ec2_private_app2.aws_instance.this[1]: Still creating... [20s elapsed][0m[0m
[0m[1mmodule.ec2_private_app2.aws_instance.this[0]: Still creating... [20s elapsed][0m[0m
[0m[1mmodule.ec2_private_app1.aws_instance.this[0]: Still creating... [20s elapsed][0m[0m
[0m[1mmodule.ec2_private_app1.aws_instance.this[1]: Creation complete after 23s [id=i-09044f0c00b9f7521][0m
[0m[1maws_route53_record.app2_dns: Still creating... [10s elapsed][0m[0m
[0m[1maws_route53_record.default_dns: Still creating... [10s elapsed][0m[0m
[0m[1maws_route53_record.app1_dns: Still creating... [10s elapsed][0m[0m
[0m[1mmodule.ec2_private_app1.aws_instance.this[0]: Still creating... [30s elapsed][0m[0m
[0m[1mmodule.ec2_private_app2.aws_instance.this[0]: Still creating... [30s elapsed][0m[0m
[0m[1mmodule.ec2_private_app2.aws_instance.this[1]: Still creating... [30s elapsed][0m[0m
[0m[1mmodule.ec2_private_app1.aws_instance.this[0]: Creation complete after 33s [id=i-0c4d4dcab675a3b95][0m
[0m[1mmodule.ec2_private_app2.aws_instance.this[0]: Creation complete after 33s [id=i-0eba485ab9511a01a][0m
[0m[1mmodule.ec2_private_app2.aws_instance.this[1]: Creation complete after 33s [id=i-0295c8d3cd5c02b27][0m
[0m[1mmodule.alb.aws_lb_target_group.main[1]: Creating...[0m[0m
[0m[1mmodule.alb.aws_lb_target_group.main[0]: Creating...[0m[0m
[0m[1mmodule.alb.aws_lb_target_group.main[0]: Creation complete after 1s [id=arn:aws:elasticloadbalancing:us-east-2:802607305497:targetgroup/app1-20221030200651393300000005/6b7f0c73fbdacc3f][0m
[0m[1mmodule.alb.aws_lb_target_group.main[1]: Creation complete after 1s [id=arn:aws:elasticloadbalancing:us-east-2:802607305497:targetgroup/app2-20221030200651393300000006/7a1677e61a3a1fa4][0m
[0m[1mmodule.alb.aws_lb_target_group_attachment.this["0.my_app1_vm1"]: Creating...[0m[0m
[0m[1mmodule.alb.aws_lb_target_group_attachment.this["1.my_app2_vm2"]: Creating...[0m[0m
[0m[1mmodule.alb.aws_lb_target_group_attachment.this["1.my_app2_vm1"]: Creating...[0m[0m
[0m[1mmodule.alb.aws_lb_target_group_attachment.this["0.my_app1_vm2"]: Creating...[0m[0m
[0m[1mmodule.alb.aws_lb_listener.frontend_https[0]: Creating...[0m[0m
[0m[1mmodule.alb.aws_lb_listener.frontend_http_tcp[0]: Creating...[0m[0m
[0m[1mmodule.alb.aws_lb_target_group_attachment.this["1.my_app2_vm2"]: Creation complete after 0s [id=arn:aws:elasticloadbalancing:us-east-2:802607305497:targetgroup/app2-20221030200651393300000006/7a1677e61a3a1fa4-20221030200652669600000007][0m
[0m[1mmodule.alb.aws_lb_target_group_attachment.this["0.my_app1_vm1"]: Creation complete after 0s [id=arn:aws:elasticloadbalancing:us-east-2:802607305497:targetgroup/app1-20221030200651393300000005/6b7f0c73fbdacc3f-20221030200652709700000009][0m
[0m[1mmodule.alb.aws_lb_target_group_attachment.this["1.my_app2_vm1"]: Creation complete after 0s [id=arn:aws:elasticloadbalancing:us-east-2:802607305497:targetgroup/app2-20221030200651393300000006/7a1677e61a3a1fa4-20221030200652685100000008][0m
[0m[1mmodule.alb.aws_lb_target_group_attachment.this["0.my_app1_vm2"]: Creation complete after 0s [id=arn:aws:elasticloadbalancing:us-east-2:802607305497:targetgroup/app1-20221030200651393300000005/6b7f0c73fbdacc3f-2022103020065288230000000a][0m
[0m[1mmodule.alb.aws_lb_listener.frontend_http_tcp[0]: Creation complete after 0s [id=arn:aws:elasticloadbalancing:us-east-2:802607305497:listener/app/HR-stag-alb/812a240ca0f752f0/46b425b4708ec9ed][0m
[0m[1mmodule.alb.aws_lb_listener.frontend_https[0]: Creation complete after 0s [id=arn:aws:elasticloadbalancing:us-east-2:802607305497:listener/app/HR-stag-alb/812a240ca0f752f0/3c61ceb54239c06f][0m
[0m[1mmodule.alb.aws_lb_listener_rule.https_listener_rule[0]: Creating...[0m[0m
[0m[1mmodule.alb.aws_lb_listener_rule.https_listener_rule[1]: Creating...[0m[0m
[0m[1mmodule.alb.aws_lb_listener_rule.https_listener_rule[0]: Creation complete after 1s [id=arn:aws:elasticloadbalancing:us-east-2:802607305497:listener-rule/app/HR-stag-alb/812a240ca0f752f0/3c61ceb54239c06f/219cc3b7449771ba][0m
[0m[1maws_route53_record.default_dns: Still creating... [20s elapsed][0m[0m
[0m[1maws_route53_record.app1_dns: Still creating... [20s elapsed][0m[0m
[0m[1maws_route53_record.app2_dns: Still creating... [20s elapsed][0m[0m
[0m[1mmodule.alb.aws_lb_listener_rule.https_listener_rule[1]: Creation complete after 2s [id=arn:aws:elasticloadbalancing:us-east-2:802607305497:listener-rule/app/HR-stag-alb/812a240ca0f752f0/3c61ceb54239c06f/b6f274c219d23f63][0m
[0m[1maws_route53_record.app1_dns: Creation complete after 24s [id=Z073651441IJIESKK9V3_app1.jameso.tech_A][0m
[0m[1maws_route53_record.default_dns: Still creating... [30s elapsed][0m[0m
[0m[1maws_route53_record.app2_dns: Still creating... [30s elapsed][0m[0m
[0m[1maws_route53_record.app2_dns: Creation complete after 30s [id=Z073651441IJIESKK9V3_app2.jameso.tech_A][0m
[0m[1maws_route53_record.default_dns: Creation complete after 37s [id=Z073651441IJIESKK9V3_myapps.jameso.tech_A][0m
[0m[1m[32m
Apply complete! Resources: 58 added, 0 changed, 0 destroyed.
[0m[0m[1m[32m
Outputs:

[0macm_certificate_arn = "arn:aws:acm:us-east-2:802607305497:certificate/376f0c79-27ab-41ec-b35e-f76454f5d45e"
app1_ec2_private_instance_ids = [
  "i-0c4d4dcab675a3b95",
  "i-09044f0c00b9f7521",
]
app1_ec2_private_ip = [
  "10.0.1.137",
  "10.0.2.206",
]
app2_ec2_private_instance_ids = [
  "i-0eba485ab9511a01a",
  "i-0295c8d3cd5c02b27",
]
app2_ec2_private_ip = [
  "10.0.1.60",
  "10.0.2.224",
]
azs = tolist([
  "us-east-2a",
  "us-east-2b",
])
ec2_bastion_public_instance_ids = [
  "i-03b86e32238b7832b",
]
ec2_bastion_public_ip = [
  "52.15.104.184",
]
http_tcp_listener_arns = [
  "arn:aws:elasticloadbalancing:us-east-2:802607305497:listener/app/HR-stag-alb/812a240ca0f752f0/46b425b4708ec9ed",
]
http_tcp_listener_ids = [
  "arn:aws:elasticloadbalancing:us-east-2:802607305497:listener/app/HR-stag-alb/812a240ca0f752f0/46b425b4708ec9ed",
]
https_listener_arns = [
  "arn:aws:elasticloadbalancing:us-east-2:802607305497:listener/app/HR-stag-alb/812a240ca0f752f0/3c61ceb54239c06f",
]
https_listener_ids = [
  "arn:aws:elasticloadbalancing:us-east-2:802607305497:listener/app/HR-stag-alb/812a240ca0f752f0/3c61ceb54239c06f",
]
mydomain_zoneid = "Z073651441IJIESKK9V3"
nat_public_ips = tolist([
  "3.129.106.225",
])
private_sg_group_id = "sg-089f3b593b05b6514"
private_sg_group_name = "private-sg-20221030200420929000000004"
private_sg_group_vpc_id = "vpc-02b558bab0f8cb015"
private_subnets = [
  "subnet-082d2cd5913c5d030",
  "subnet-09c08ffa251563a72",
]
public_bastion_sg_group_id = "sg-091b2227e820b25ce"
public_bastion_sg_group_name = "public-bastion-sg-20221030200420860400000003"
public_bastion_sg_group_vpc_id = "vpc-02b558bab0f8cb015"
public_subnets = [
  "subnet-0a36712a13b6a5d65",
  "subnet-0385602303bb1fe59",
]
target_group_arn_suffixes = [
  "targetgroup/app1-20221030200651393300000005/6b7f0c73fbdacc3f",
  "targetgroup/app2-20221030200651393300000006/7a1677e61a3a1fa4",
]
target_group_arns = [
  "arn:aws:elasticloadbalancing:us-east-2:802607305497:targetgroup/app1-20221030200651393300000005/6b7f0c73fbdacc3f",
  "arn:aws:elasticloadbalancing:us-east-2:802607305497:targetgroup/app2-20221030200651393300000006/7a1677e61a3a1fa4",
]
target_group_attachments = {
  "0.my_app1_vm1" = "arn:aws:elasticloadbalancing:us-east-2:802607305497:targetgroup/app1-20221030200651393300000005/6b7f0c73fbdacc3f-20221030200652709700000009"
  "0.my_app1_vm2" = "arn:aws:elasticloadbalancing:us-east-2:802607305497:targetgroup/app1-20221030200651393300000005/6b7f0c73fbdacc3f-2022103020065288230000000a"
  "1.my_app2_vm1" = "arn:aws:elasticloadbalancing:us-east-2:802607305497:targetgroup/app2-20221030200651393300000006/7a1677e61a3a1fa4-20221030200652685100000008"
  "1.my_app2_vm2" = "arn:aws:elasticloadbalancing:us-east-2:802607305497:targetgroup/app2-20221030200651393300000006/7a1677e61a3a1fa4-20221030200652669600000007"
}
target_group_names = [
  "app1-20221030200651393300000005",
  "app2-20221030200651393300000006",
]
this_lb_arn = "arn:aws:elasticloadbalancing:us-east-2:802607305497:loadbalancer/app/HR-stag-alb/812a240ca0f752f0"
this_lb_arn_suffix = "app/HR-stag-alb/812a240ca0f752f0"
this_lb_dns_name = "HR-stag-alb-129785154.us-east-2.elb.amazonaws.com"
this_lb_id = "arn:aws:elasticloadbalancing:us-east-2:802607305497:loadbalancer/app/HR-stag-alb/812a240ca0f752f0"
this_lb_zone_id = "Z3AADJGX6KTTL2"
vpc_cidr_block = "10.0.0.0/16"
vpc_id = "vpc-02b558bab0f8cb015"
